// !$*UTF8*$!
{
	archiveVersion = 1;
	classes = {
	};
	objectVersion = 46;
	objects = {

/* Begin PBXBuildFile section */
		41EB9A6531817B3270AEBC04 /* libPods-Brows PersonæTests.a in Frameworks */ = {isa = PBXBuildFile; fileRef = 23F0E444F6523743D44743AC /* libPods-Brows PersonæTests.a */; };
		8A305DD949511AA14CC1E705 /* libPods-Brows Personæ.a in Frameworks */ = {isa = PBXBuildFile; fileRef = 18D4ECB428A068EBE54D7A29 /* libPods-Brows Personæ.a */; };
		9C0C53C619F38DC3003E0984 /* Texpert.xib in Resources */ = {isa = PBXBuildFile; fileRef = 9C0C53C519F38DC3003E0984 /* Texpert.xib */; };
		9C0C53C819F480A3003E0984 /* BrowsTab.xib in Resources */ = {isa = PBXBuildFile; fileRef = 9C0C53C719F480A3003E0984 /* BrowsTab.xib */; };
		9C0D93F31AA1226200728D2E /* PublicSuffixList.m in Sources */ = {isa = PBXBuildFile; fileRef = 9C0D93F21AA1226200728D2E /* PublicSuffixList.m */; };
		9C0D93F51AA124B300728D2E /* PSL.txt in Resources */ = {isa = PBXBuildFile; fileRef = 9C0D93F41AA124B300728D2E /* PSL.txt */; };
		9C15D2B81B3D0BCF00B3640D /* EINoClickthroughVisualEffectView.m in Sources */ = {isa = PBXBuildFile; fileRef = 9C15D2B71B3D0BCF00B3640D /* EINoClickthroughVisualEffectView.m */; };
		9C18A7821B4110020085BA47 /* BrowsTabState.m in Sources */ = {isa = PBXBuildFile; fileRef = 9C18A7811B4110020085BA47 /* BrowsTabState.m */; };
		9C3071511A71D1C800AAA4F5 /* TabCell.xib in Resources */ = {isa = PBXBuildFile; fileRef = 9C3071501A71D1C800AAA4F5 /* TabCell.xib */; };
		9C3071571A71DCBB00AAA4F5 /* BrowsTabTableCellView.m in Sources */ = {isa = PBXBuildFile; fileRef = 9C3071561A71DCBB00AAA4F5 /* BrowsTabTableCellView.m */; };
		9C345D351AE0E0E00010744F /* Brows.icns in Resources */ = {isa = PBXBuildFile; fileRef = 9C345D341AE0E0E00010744F /* Brows.icns */; };
		9C3B19271AF9737600FA4AAB /* WebKit.framework in Frameworks */ = {isa = PBXBuildFile; fileRef = 9C3B19221AF9737500FA4AAB /* WebKit.framework */; };
		9C3B192A1AF9737D00FA4AAB /* JavaScriptCore.framework in CopyFiles */ = {isa = PBXBuildFile; fileRef = 9C3B19201AF9737500FA4AAB /* JavaScriptCore.framework */; settings = {ATTRIBUTES = (CodeSignOnCopy, RemoveHeadersOnCopy, ); }; };
		9C3B192B1AF9737D00FA4AAB /* WebCore.framework in CopyFiles */ = {isa = PBXBuildFile; fileRef = 9C3B19211AF9737500FA4AAB /* WebCore.framework */; settings = {ATTRIBUTES = (CodeSignOnCopy, RemoveHeadersOnCopy, ); }; };
		9C3B192C1AF9737D00FA4AAB /* WebKit.framework in CopyFiles */ = {isa = PBXBuildFile; fileRef = 9C3B19221AF9737500FA4AAB /* WebKit.framework */; settings = {ATTRIBUTES = (CodeSignOnCopy, RemoveHeadersOnCopy, ); }; };
		9C3B192D1AF9737D00FA4AAB /* WebKit2.framework in CopyFiles */ = {isa = PBXBuildFile; fileRef = 9C3B19231AF9737500FA4AAB /* WebKit2.framework */; settings = {ATTRIBUTES = (CodeSignOnCopy, RemoveHeadersOnCopy, ); }; };
		9C3B192E1AF9737D00FA4AAB /* WebKitLegacy.framework in CopyFiles */ = {isa = PBXBuildFile; fileRef = 9C3B19241AF9737500FA4AAB /* WebKitLegacy.framework */; settings = {ATTRIBUTES = (CodeSignOnCopy, RemoveHeadersOnCopy, ); }; };
		9C4EAADA1A82F33800E6CE03 /* EIIGIsolatedCookieWebView.m in Sources */ = {isa = PBXBuildFile; fileRef = 9C4EAAD91A82F33800E6CE03 /* EIIGIsolatedCookieWebView.m */; };
		9C4EAAE01A82F92E00E6CE03 /* EIIGIsolatedCookieWebViewResourceLoadDelegate.m in Sources */ = {isa = PBXBuildFile; fileRef = 9C4EAADF1A82F92E00E6CE03 /* EIIGIsolatedCookieWebViewResourceLoadDelegate.m */; };
		9C4EAAE21A82FACD00E6CE03 /* NSHTTPCookie+IGPropertyTesting.m in Sources */ = {isa = PBXBuildFile; fileRef = 9C4EAAE11A82FACD00E6CE03 /* NSHTTPCookie+IGPropertyTesting.m */; };
		9C54AE811B75636A00CB5A5D /* EISimpleProgressIndicator.m in Sources */ = {isa = PBXBuildFile; fileRef = 9C54AE801B75636A00CB5A5D /* EISimpleProgressIndicator.m */; };
		9C54AE841B756D2700CB5A5D /* NSAnimation+AnimateOverBlock.m in Sources */ = {isa = PBXBuildFile; fileRef = 9C54AE831B756D2700CB5A5D /* NSAnimation+AnimateOverBlock.m */; };
		9C68B11B1A9EA7D800F5C444 /* RACStream+SlidingWindow.m in Sources */ = {isa = PBXBuildFile; fileRef = 9C68B11A1A9EA7D800F5C444 /* RACStream+SlidingWindow.m */; };
		9CD502EC1A8AF31100AFE556 /* Helpies.m in Sources */ = {isa = PBXBuildFile; fileRef = 9CD502EB1A8AF31100AFE556 /* Helpies.m */; };
		9CD502F31A8C41BE00AFE556 /* WebView+ScrollViewAccess.m in Sources */ = {isa = PBXBuildFile; fileRef = 9CD502F21A8C41BE00AFE556 /* WebView+ScrollViewAccess.m */; };
		9CD502F91A901A5800AFE556 /* MktabController.m in Sources */ = {isa = PBXBuildFile; fileRef = 9CD502F71A901A5800AFE556 /* MktabController.m */; };
		9CD502FA1A901A5800AFE556 /* Mktab.xib in Resources */ = {isa = PBXBuildFile; fileRef = 9CD502F81A901A5800AFE556 /* Mktab.xib */; };
		9CD503001A927B9100AFE556 /* BrowsTabList.m in Sources */ = {isa = PBXBuildFile; fileRef = 9CD502FF1A927B9100AFE556 /* BrowsTabList.m */; };
		9CDF343819EB2F4C0040AA0F /* AppDelegate.m in Sources */ = {isa = PBXBuildFile; fileRef = 9CDF343719EB2F4C0040AA0F /* AppDelegate.m */; };
		9CDF343A19EB2F4C0040AA0F /* main.m in Sources */ = {isa = PBXBuildFile; fileRef = 9CDF343919EB2F4C0040AA0F /* main.m */; };
		9CDF343F19EB2F4C0040AA0F /* MainMenu.xib in Resources */ = {isa = PBXBuildFile; fileRef = 9CDF343D19EB2F4C0040AA0F /* MainMenu.xib */; };
		9CDF344B19EB2F4C0040AA0F /* Brows_Person_Tests.m in Sources */ = {isa = PBXBuildFile; fileRef = 9CDF344A19EB2F4C0040AA0F /* Brows_Person_Tests.m */; };
		9CDF345719EB30640040AA0F /* BrowsWindow.m in Sources */ = {isa = PBXBuildFile; fileRef = 9CDF345519EB30640040AA0F /* BrowsWindow.m */; };
		9CDF345819EB30640040AA0F /* BrowsWindow.xib in Resources */ = {isa = PBXBuildFile; fileRef = 9CDF345619EB30640040AA0F /* BrowsWindow.xib */; };
		9CDF345C19EB53F40040AA0F /* BrowsTab.m in Sources */ = {isa = PBXBuildFile; fileRef = 9CDF345B19EB53F40040AA0F /* BrowsTab.m */; };
		9CDF346519EB94DF0040AA0F /* BrowsPersona.m in Sources */ = {isa = PBXBuildFile; fileRef = 9CDF346419EB94DF0040AA0F /* BrowsPersona.m */; };
/* End PBXBuildFile section */

/* Begin PBXContainerItemProxy section */
		9CDF344519EB2F4C0040AA0F /* PBXContainerItemProxy */ = {
			isa = PBXContainerItemProxy;
			containerPortal = 9CDF342919EB2F4C0040AA0F /* Project object */;
			proxyType = 1;
			remoteGlobalIDString = 9CDF343019EB2F4C0040AA0F;
			remoteInfo = "Brows Personæ";
		};
/* End PBXContainerItemProxy section */

/* Begin PBXCopyFilesBuildPhase section */
		9CF8CF9419F21F9600B62C65 /* CopyFiles */ = {
			isa = PBXCopyFilesBuildPhase;
			buildActionMask = 2147483647;
			dstPath = "";
			dstSubfolderSpec = 10;
			files = (
				9C3B192A1AF9737D00FA4AAB /* JavaScriptCore.framework in CopyFiles */,
				9C3B192B1AF9737D00FA4AAB /* WebCore.framework in CopyFiles */,
				9C3B192C1AF9737D00FA4AAB /* WebKit.framework in CopyFiles */,
				9C3B192D1AF9737D00FA4AAB /* WebKit2.framework in CopyFiles */,
				9C3B192E1AF9737D00FA4AAB /* WebKitLegacy.framework in CopyFiles */,
			);
			runOnlyForDeploymentPostprocessing = 0;
		};
/* End PBXCopyFilesBuildPhase section */

/* Begin PBXFileReference section */
		18D4ECB428A068EBE54D7A29 /* libPods-Brows Personæ.a */ = {isa = PBXFileReference; explicitFileType = archive.ar; includeInIndex = 0; path = "libPods-Brows Personæ.a"; sourceTree = BUILT_PRODUCTS_DIR; };
		23F0E444F6523743D44743AC /* libPods-Brows PersonæTests.a */ = {isa = PBXFileReference; explicitFileType = archive.ar; includeInIndex = 0; path = "libPods-Brows PersonæTests.a"; sourceTree = BUILT_PRODUCTS_DIR; };
		6C602256BEB395FA9B77249E /* Pods-Brows Personæ.debug.xcconfig */ = {isa = PBXFileReference; includeInIndex = 1; lastKnownFileType = text.xcconfig; name = "Pods-Brows Personæ.debug.xcconfig"; path = "Pods/Target Support Files/Pods-Brows Personæ/Pods-Brows Personæ.debug.xcconfig"; sourceTree = "<group>"; };
		7FEB8A042A6C4100F147289F /* Pods-Brows PersonæTests.release.xcconfig */ = {isa = PBXFileReference; includeInIndex = 1; lastKnownFileType = text.xcconfig; name = "Pods-Brows PersonæTests.release.xcconfig"; path = "Pods/Target Support Files/Pods-Brows PersonæTests/Pods-Brows PersonæTests.release.xcconfig"; sourceTree = "<group>"; };
		850D133ECA2DDC9E9AB30124 /* Pods-Brows Personæ.release.xcconfig */ = {isa = PBXFileReference; includeInIndex = 1; lastKnownFileType = text.xcconfig; name = "Pods-Brows Personæ.release.xcconfig"; path = "Pods/Target Support Files/Pods-Brows Personæ/Pods-Brows Personæ.release.xcconfig"; sourceTree = "<group>"; };
		9C0C53C519F38DC3003E0984 /* Texpert.xib */ = {isa = PBXFileReference; fileEncoding = 4; lastKnownFileType = file.xib; path = Texpert.xib; sourceTree = "<group>"; };
		9C0C53C719F480A3003E0984 /* BrowsTab.xib */ = {isa = PBXFileReference; fileEncoding = 4; lastKnownFileType = file.xib; path = BrowsTab.xib; sourceTree = "<group>"; };
		9C0D93F11AA1226200728D2E /* PublicSuffixList.h */ = {isa = PBXFileReference; fileEncoding = 4; lastKnownFileType = sourcecode.c.h; path = PublicSuffixList.h; sourceTree = "<group>"; };
		9C0D93F21AA1226200728D2E /* PublicSuffixList.m */ = {isa = PBXFileReference; fileEncoding = 4; lastKnownFileType = sourcecode.c.objc; path = PublicSuffixList.m; sourceTree = "<group>"; };
		9C0D93F41AA124B300728D2E /* PSL.txt */ = {isa = PBXFileReference; fileEncoding = 4; lastKnownFileType = text; path = PSL.txt; sourceTree = "<group>"; };
		9C15D2B61B3D0BCF00B3640D /* EINoClickthroughVisualEffectView.h */ = {isa = PBXFileReference; fileEncoding = 4; lastKnownFileType = sourcecode.c.h; path = EINoClickthroughVisualEffectView.h; sourceTree = "<group>"; };
		9C15D2B71B3D0BCF00B3640D /* EINoClickthroughVisualEffectView.m */ = {isa = PBXFileReference; fileEncoding = 4; lastKnownFileType = sourcecode.c.objc; path = EINoClickthroughVisualEffectView.m; sourceTree = "<group>"; };
		9C18A7801B4110020085BA47 /* BrowsTabState.h */ = {isa = PBXFileReference; fileEncoding = 4; lastKnownFileType = sourcecode.c.h; path = BrowsTabState.h; sourceTree = "<group>"; };
		9C18A7811B4110020085BA47 /* BrowsTabState.m */ = {isa = PBXFileReference; fileEncoding = 4; lastKnownFileType = sourcecode.c.objc; path = BrowsTabState.m; sourceTree = "<group>"; };
		9C3071501A71D1C800AAA4F5 /* TabCell.xib */ = {isa = PBXFileReference; fileEncoding = 4; lastKnownFileType = file.xib; path = TabCell.xib; sourceTree = "<group>"; };
		9C3071551A71DCBB00AAA4F5 /* BrowsTabTableCellView.h */ = {isa = PBXFileReference; fileEncoding = 4; lastKnownFileType = sourcecode.c.h; path = BrowsTabTableCellView.h; sourceTree = "<group>"; };
		9C3071561A71DCBB00AAA4F5 /* BrowsTabTableCellView.m */ = {isa = PBXFileReference; fileEncoding = 4; lastKnownFileType = sourcecode.c.objc; path = BrowsTabTableCellView.m; sourceTree = "<group>"; };
		9C345D341AE0E0E00010744F /* Brows.icns */ = {isa = PBXFileReference; lastKnownFileType = image.icns; path = Brows.icns; sourceTree = "<group>"; };
		9C3B19201AF9737500FA4AAB /* JavaScriptCore.framework */ = {isa = PBXFileReference; lastKnownFileType = wrapper.framework; name = JavaScriptCore.framework; path = WebKit/WebKitBuild/Release/JavaScriptCore.framework; sourceTree = "<group>"; };
		9C3B19211AF9737500FA4AAB /* WebCore.framework */ = {isa = PBXFileReference; lastKnownFileType = wrapper.framework; name = WebCore.framework; path = WebKit/WebKitBuild/Release/WebCore.framework; sourceTree = "<group>"; };
		9C3B19221AF9737500FA4AAB /* WebKit.framework */ = {isa = PBXFileReference; lastKnownFileType = wrapper.framework; name = WebKit.framework; path = WebKit/WebKitBuild/Release/WebKit.framework; sourceTree = "<group>"; };
		9C3B19231AF9737500FA4AAB /* WebKit2.framework */ = {isa = PBXFileReference; lastKnownFileType = wrapper.framework; name = WebKit2.framework; path = WebKit/WebKitBuild/Release/WebKit2.framework; sourceTree = "<group>"; };
		9C3B19241AF9737500FA4AAB /* WebKitLegacy.framework */ = {isa = PBXFileReference; lastKnownFileType = wrapper.framework; name = WebKitLegacy.framework; path = WebKit/WebKitBuild/Release/WebKitLegacy.framework; sourceTree = "<group>"; };
		9C4EAAD81A82F33800E6CE03 /* EIIGIsolatedCookieWebView.h */ = {isa = PBXFileReference; fileEncoding = 4; lastKnownFileType = sourcecode.c.h; path = EIIGIsolatedCookieWebView.h; sourceTree = "<group>"; };
		9C4EAAD91A82F33800E6CE03 /* EIIGIsolatedCookieWebView.m */ = {isa = PBXFileReference; fileEncoding = 4; lastKnownFileType = sourcecode.c.objc; path = EIIGIsolatedCookieWebView.m; sourceTree = "<group>"; };
		9C4EAADE1A82F92E00E6CE03 /* EIIGIsolatedCookieWebViewResourceLoadDelegate.h */ = {isa = PBXFileReference; fileEncoding = 4; lastKnownFileType = sourcecode.c.h; path = EIIGIsolatedCookieWebViewResourceLoadDelegate.h; sourceTree = "<group>"; };
		9C4EAADF1A82F92E00E6CE03 /* EIIGIsolatedCookieWebViewResourceLoadDelegate.m */ = {isa = PBXFileReference; fileEncoding = 4; lastKnownFileType = sourcecode.c.objc; path = EIIGIsolatedCookieWebViewResourceLoadDelegate.m; sourceTree = "<group>"; };
		9C4EAAE11A82FACD00E6CE03 /* NSHTTPCookie+IGPropertyTesting.m */ = {isa = PBXFileReference; fileEncoding = 4; lastKnownFileType = sourcecode.c.objc; path = "NSHTTPCookie+IGPropertyTesting.m"; sourceTree = "<group>"; };
		9C4EAAE31A82FAED00E6CE03 /* NSHTTPCookie+IGPropertyTesting.h */ = {isa = PBXFileReference; lastKnownFileType = sourcecode.c.h; path = "NSHTTPCookie+IGPropertyTesting.h"; sourceTree = "<group>"; };
		9C54AE7F1B75636A00CB5A5D /* EISimpleProgressIndicator.h */ = {isa = PBXFileReference; fileEncoding = 4; lastKnownFileType = sourcecode.c.h; path = EISimpleProgressIndicator.h; sourceTree = "<group>"; };
		9C54AE801B75636A00CB5A5D /* EISimpleProgressIndicator.m */ = {isa = PBXFileReference; fileEncoding = 4; lastKnownFileType = sourcecode.c.objc; path = EISimpleProgressIndicator.m; sourceTree = "<group>"; };
		9C54AE821B756D2700CB5A5D /* NSAnimation+AnimateOverBlock.h */ = {isa = PBXFileReference; fileEncoding = 4; lastKnownFileType = sourcecode.c.h; path = "NSAnimation+AnimateOverBlock.h"; sourceTree = "<group>"; };
		9C54AE831B756D2700CB5A5D /* NSAnimation+AnimateOverBlock.m */ = {isa = PBXFileReference; fileEncoding = 4; lastKnownFileType = sourcecode.c.objc; path = "NSAnimation+AnimateOverBlock.m"; sourceTree = "<group>"; };
		9C6810F01A7C6940008263A4 /* Personæ.pch */ = {isa = PBXFileReference; lastKnownFileType = sourcecode.c.h; path = "Personæ.pch"; sourceTree = "<group>"; };
		9C68B1191A9EA7D800F5C444 /* RACStream+SlidingWindow.h */ = {isa = PBXFileReference; fileEncoding = 4; lastKnownFileType = sourcecode.c.h; path = "RACStream+SlidingWindow.h"; sourceTree = "<group>"; };
		9C68B11A1A9EA7D800F5C444 /* RACStream+SlidingWindow.m */ = {isa = PBXFileReference; fileEncoding = 4; lastKnownFileType = sourcecode.c.objc; path = "RACStream+SlidingWindow.m"; sourceTree = "<group>"; };
		9CD502EB1A8AF31100AFE556 /* Helpies.m */ = {isa = PBXFileReference; fileEncoding = 4; lastKnownFileType = sourcecode.c.objc; path = Helpies.m; sourceTree = "<group>"; };
		9CD502ED1A8AF33C00AFE556 /* Helpies.h */ = {isa = PBXFileReference; lastKnownFileType = sourcecode.c.h; path = Helpies.h; sourceTree = "<group>"; };
		9CD502F11A8C41BE00AFE556 /* WebView+ScrollViewAccess.h */ = {isa = PBXFileReference; fileEncoding = 4; lastKnownFileType = sourcecode.c.h; path = "WebView+ScrollViewAccess.h"; sourceTree = "<group>"; };
		9CD502F21A8C41BE00AFE556 /* WebView+ScrollViewAccess.m */ = {isa = PBXFileReference; fileEncoding = 4; lastKnownFileType = sourcecode.c.objc; path = "WebView+ScrollViewAccess.m"; sourceTree = "<group>"; };
		9CD502F51A8D968300AFE556 /* WebCache.h */ = {isa = PBXFileReference; lastKnownFileType = sourcecode.c.h; path = WebCache.h; sourceTree = "<group>"; };
		9CD502F61A901A5700AFE556 /* MktabController.h */ = {isa = PBXFileReference; fileEncoding = 4; lastKnownFileType = sourcecode.c.h; path = MktabController.h; sourceTree = "<group>"; };
		9CD502F71A901A5800AFE556 /* MktabController.m */ = {isa = PBXFileReference; fileEncoding = 4; lastKnownFileType = sourcecode.c.objc; path = MktabController.m; sourceTree = "<group>"; };
		9CD502F81A901A5800AFE556 /* Mktab.xib */ = {isa = PBXFileReference; fileEncoding = 4; lastKnownFileType = file.xib; path = Mktab.xib; sourceTree = "<group>"; };
		9CD502FE1A927B9100AFE556 /* BrowsTabList.h */ = {isa = PBXFileReference; fileEncoding = 4; lastKnownFileType = sourcecode.c.h; path = BrowsTabList.h; sourceTree = "<group>"; };
		9CD502FF1A927B9100AFE556 /* BrowsTabList.m */ = {isa = PBXFileReference; fileEncoding = 4; lastKnownFileType = sourcecode.c.objc; path = BrowsTabList.m; sourceTree = "<group>"; };
		9CDF343119EB2F4C0040AA0F /* Brows Personæ.app */ = {isa = PBXFileReference; explicitFileType = wrapper.application; includeInIndex = 0; path = "Brows Personæ.app"; sourceTree = BUILT_PRODUCTS_DIR; };
		9CDF343519EB2F4C0040AA0F /* Info.plist */ = {isa = PBXFileReference; lastKnownFileType = text.plist.xml; path = Info.plist; sourceTree = "<group>"; };
		9CDF343619EB2F4C0040AA0F /* AppDelegate.h */ = {isa = PBXFileReference; lastKnownFileType = sourcecode.c.h; path = AppDelegate.h; sourceTree = "<group>"; };
		9CDF343719EB2F4C0040AA0F /* AppDelegate.m */ = {isa = PBXFileReference; lastKnownFileType = sourcecode.c.objc; path = AppDelegate.m; sourceTree = "<group>"; };
		9CDF343919EB2F4C0040AA0F /* main.m */ = {isa = PBXFileReference; lastKnownFileType = sourcecode.c.objc; path = main.m; sourceTree = "<group>"; };
		9CDF343E19EB2F4C0040AA0F /* Base */ = {isa = PBXFileReference; lastKnownFileType = file.xib; name = Base; path = Base.lproj/MainMenu.xib; sourceTree = "<group>"; };
		9CDF344419EB2F4C0040AA0F /* Brows PersonæTests.xctest */ = {isa = PBXFileReference; explicitFileType = wrapper.cfbundle; includeInIndex = 0; path = "Brows PersonæTests.xctest"; sourceTree = BUILT_PRODUCTS_DIR; };
		9CDF344919EB2F4C0040AA0F /* Info.plist */ = {isa = PBXFileReference; lastKnownFileType = text.plist.xml; path = Info.plist; sourceTree = "<group>"; };
		9CDF344A19EB2F4C0040AA0F /* Brows_Person_Tests.m */ = {isa = PBXFileReference; lastKnownFileType = sourcecode.c.objc; path = Brows_Person_Tests.m; sourceTree = "<group>"; };
		9CDF345419EB30640040AA0F /* BrowsWindow.h */ = {isa = PBXFileReference; fileEncoding = 4; lastKnownFileType = sourcecode.c.h; path = BrowsWindow.h; sourceTree = "<group>"; };
		9CDF345519EB30640040AA0F /* BrowsWindow.m */ = {isa = PBXFileReference; fileEncoding = 4; lastKnownFileType = sourcecode.c.objc; path = BrowsWindow.m; sourceTree = "<group>"; };
		9CDF345619EB30640040AA0F /* BrowsWindow.xib */ = {isa = PBXFileReference; fileEncoding = 4; lastKnownFileType = file.xib; path = BrowsWindow.xib; sourceTree = "<group>"; };
		9CDF345919EB4D0D0040AA0F /* Brows Personæ.entitlements */ = {isa = PBXFileReference; lastKnownFileType = text.xml; path = "Brows Personæ.entitlements"; sourceTree = "<group>"; };
		9CDF345A19EB53F40040AA0F /* BrowsTab.h */ = {isa = PBXFileReference; fileEncoding = 4; lastKnownFileType = sourcecode.c.h; path = BrowsTab.h; sourceTree = "<group>"; };
		9CDF345B19EB53F40040AA0F /* BrowsTab.m */ = {isa = PBXFileReference; fileEncoding = 4; lastKnownFileType = sourcecode.c.objc; path = BrowsTab.m; sourceTree = "<group>"; };
		9CDF346319EB94DF0040AA0F /* BrowsPersona.h */ = {isa = PBXFileReference; fileEncoding = 4; lastKnownFileType = sourcecode.c.h; path = BrowsPersona.h; sourceTree = "<group>"; };
		9CDF346419EB94DF0040AA0F /* BrowsPersona.m */ = {isa = PBXFileReference; fileEncoding = 4; lastKnownFileType = sourcecode.c.objc; path = BrowsPersona.m; sourceTree = "<group>"; };
		CA9D62F45FCF9749E0E40652 /* Pods-Brows PersonæTests.debug.xcconfig */ = {isa = PBXFileReference; includeInIndex = 1; lastKnownFileType = text.xcconfig; name = "Pods-Brows PersonæTests.debug.xcconfig"; path = "Pods/Target Support Files/Pods-Brows PersonæTests/Pods-Brows PersonæTests.debug.xcconfig"; sourceTree = "<group>"; };
/* End PBXFileReference section */

/* Begin PBXFrameworksBuildPhase section */
		9CDF342E19EB2F4C0040AA0F /* Frameworks */ = {
			isa = PBXFrameworksBuildPhase;
			buildActionMask = 2147483647;
			files = (
				9C3B19271AF9737600FA4AAB /* WebKit.framework in Frameworks */,
				8A305DD949511AA14CC1E705 /* libPods-Brows Personæ.a in Frameworks */,
			);
			runOnlyForDeploymentPostprocessing = 0;
		};
		9CDF344119EB2F4C0040AA0F /* Frameworks */ = {
			isa = PBXFrameworksBuildPhase;
			buildActionMask = 2147483647;
			files = (
				41EB9A6531817B3270AEBC04 /* libPods-Brows PersonæTests.a in Frameworks */,
			);
			runOnlyForDeploymentPostprocessing = 0;
		};
/* End PBXFrameworksBuildPhase section */

/* Begin PBXGroup section */
		9C4EAAD41A82F31500E6CE03 /* COOOOKIES omm nomm */ = {
			isa = PBXGroup;
			children = (
				9CDF346319EB94DF0040AA0F /* BrowsPersona.h */,
				9CDF346419EB94DF0040AA0F /* BrowsPersona.m */,
				9C4EAAD81A82F33800E6CE03 /* EIIGIsolatedCookieWebView.h */,
				9C4EAAD91A82F33800E6CE03 /* EIIGIsolatedCookieWebView.m */,
				9C4EAADE1A82F92E00E6CE03 /* EIIGIsolatedCookieWebViewResourceLoadDelegate.h */,
				9C4EAADF1A82F92E00E6CE03 /* EIIGIsolatedCookieWebViewResourceLoadDelegate.m */,
				9C4EAAE31A82FAED00E6CE03 /* NSHTTPCookie+IGPropertyTesting.h */,
				9C4EAAE11A82FACD00E6CE03 /* NSHTTPCookie+IGPropertyTesting.m */,
			);
			name = "COOOOKIES omm nomm";
			sourceTree = "<group>";
		};
		9CD502F41A8C41C800AFE556 /* Categories */ = {
			isa = PBXGroup;
			children = (
				9C54AE821B756D2700CB5A5D /* NSAnimation+AnimateOverBlock.h */,
				9C54AE831B756D2700CB5A5D /* NSAnimation+AnimateOverBlock.m */,
				9CD502F11A8C41BE00AFE556 /* WebView+ScrollViewAccess.h */,
				9CD502F21A8C41BE00AFE556 /* WebView+ScrollViewAccess.m */,
				9C68B1191A9EA7D800F5C444 /* RACStream+SlidingWindow.h */,
				9C68B11A1A9EA7D800F5C444 /* RACStream+SlidingWindow.m */,
				9CD502F51A8D968300AFE556 /* WebCache.h */,
			);
			name = Categories;
			sourceTree = "<group>";
		};
		9CDF342819EB2F4C0040AA0F = {
			isa = PBXGroup;
			children = (
				9CDF343319EB2F4C0040AA0F /* Brows Personæ */,
				9CDF344719EB2F4C0040AA0F /* Brows PersonæTests */,
				9CDF343219EB2F4C0040AA0F /* Products */,
				C1A195D6E2C7C97102999C50 /* Pods */,
				EC94D767FB5D04AC16D852C0 /* Frameworks */,
			);
			sourceTree = "<group>";
		};
		9CDF343219EB2F4C0040AA0F /* Products */ = {
			isa = PBXGroup;
			children = (
				9CDF343119EB2F4C0040AA0F /* Brows Personæ.app */,
				9CDF344419EB2F4C0040AA0F /* Brows PersonæTests.xctest */,
			);
			name = Products;
			sourceTree = "<group>";
		};
		9CDF343319EB2F4C0040AA0F /* Brows Personæ */ = {
			isa = PBXGroup;
			children = (
				9CDF345919EB4D0D0040AA0F /* Brows Personæ.entitlements */,
				9CDF343619EB2F4C0040AA0F /* AppDelegate.h */,
				9CDF343719EB2F4C0040AA0F /* AppDelegate.m */,
				9CDF343D19EB2F4C0040AA0F /* MainMenu.xib */,
				9CDF345419EB30640040AA0F /* BrowsWindow.h */,
				9CDF345519EB30640040AA0F /* BrowsWindow.m */,
				9CD502FE1A927B9100AFE556 /* BrowsTabList.h */,
				9CD502FF1A927B9100AFE556 /* BrowsTabList.m */,
				9CDF345619EB30640040AA0F /* BrowsWindow.xib */,
				9C3071551A71DCBB00AAA4F5 /* BrowsTabTableCellView.h */,
				9C3071561A71DCBB00AAA4F5 /* BrowsTabTableCellView.m */,
				9C3071501A71D1C800AAA4F5 /* TabCell.xib */,
				9CD502F61A901A5700AFE556 /* MktabController.h */,
				9CD502F71A901A5800AFE556 /* MktabController.m */,
				9CD502F81A901A5800AFE556 /* Mktab.xib */,
				9CDF345A19EB53F40040AA0F /* BrowsTab.h */,
				9CDF345B19EB53F40040AA0F /* BrowsTab.m */,
				9C0C53C719F480A3003E0984 /* BrowsTab.xib */,
				9C4EAAD41A82F31500E6CE03 /* COOOOKIES omm nomm */,
				9CD502ED1A8AF33C00AFE556 /* Helpies.h */,
				9CD502EB1A8AF31100AFE556 /* Helpies.m */,
				9C0D93F11AA1226200728D2E /* PublicSuffixList.h */,
				9C0D93F21AA1226200728D2E /* PublicSuffixList.m */,
				9C0C53C519F38DC3003E0984 /* Texpert.xib */,
				9CDF343419EB2F4C0040AA0F /* Supporting Files */,
			);
			path = "Brows Personæ";
			sourceTree = "<group>";
		};
		9CDF343419EB2F4C0040AA0F /* Supporting Files */ = {
			isa = PBXGroup;
			children = (
				9C0D93F41AA124B300728D2E /* PSL.txt */,
				9C18A7801B4110020085BA47 /* BrowsTabState.h */,
				9C18A7811B4110020085BA47 /* BrowsTabState.m */,
				9CD502F41A8C41C800AFE556 /* Categories */,
				9C15D2B61B3D0BCF00B3640D /* EINoClickthroughVisualEffectView.h */,
				9C15D2B71B3D0BCF00B3640D /* EINoClickthroughVisualEffectView.m */,
				9C54AE7F1B75636A00CB5A5D /* EISimpleProgressIndicator.h */,
				9C54AE801B75636A00CB5A5D /* EISimpleProgressIndicator.m */,
				9C345D341AE0E0E00010744F /* Brows.icns */,
				9C6810F01A7C6940008263A4 /* Personæ.pch */,
				9CDF343519EB2F4C0040AA0F /* Info.plist */,
				9CDF343919EB2F4C0040AA0F /* main.m */,
			);
			name = "Supporting Files";
			sourceTree = "<group>";
		};
		9CDF344719EB2F4C0040AA0F /* Brows PersonæTests */ = {
			isa = PBXGroup;
			children = (
				9CDF344A19EB2F4C0040AA0F /* Brows_Person_Tests.m */,
				9CDF344819EB2F4C0040AA0F /* Supporting Files */,
			);
			path = "Brows PersonæTests";
			sourceTree = "<group>";
		};
		9CDF344819EB2F4C0040AA0F /* Supporting Files */ = {
			isa = PBXGroup;
			children = (
				9CDF344919EB2F4C0040AA0F /* Info.plist */,
			);
			name = "Supporting Files";
			sourceTree = "<group>";
		};
		C1A195D6E2C7C97102999C50 /* Pods */ = {
			isa = PBXGroup;
			children = (
				6C602256BEB395FA9B77249E /* Pods-Brows Personæ.debug.xcconfig */,
				850D133ECA2DDC9E9AB30124 /* Pods-Brows Personæ.release.xcconfig */,
				CA9D62F45FCF9749E0E40652 /* Pods-Brows PersonæTests.debug.xcconfig */,
				7FEB8A042A6C4100F147289F /* Pods-Brows PersonæTests.release.xcconfig */,
			);
			name = Pods;
			sourceTree = "<group>";
		};
		EC94D767FB5D04AC16D852C0 /* Frameworks */ = {
			isa = PBXGroup;
			children = (
				9C3B19201AF9737500FA4AAB /* JavaScriptCore.framework */,
				9C3B19211AF9737500FA4AAB /* WebCore.framework */,
				9C3B19221AF9737500FA4AAB /* WebKit.framework */,
				9C3B19231AF9737500FA4AAB /* WebKit2.framework */,
				9C3B19241AF9737500FA4AAB /* WebKitLegacy.framework */,
				18D4ECB428A068EBE54D7A29 /* libPods-Brows Personæ.a */,
				23F0E444F6523743D44743AC /* libPods-Brows PersonæTests.a */,
			);
			name = Frameworks;
			sourceTree = "<group>";
		};
/* End PBXGroup section */

/* Begin PBXNativeTarget section */
		9CDF343019EB2F4C0040AA0F /* Brows Personæ */ = {
			isa = PBXNativeTarget;
			buildConfigurationList = 9CDF344E19EB2F4C0040AA0F /* Build configuration list for PBXNativeTarget "Brows Personæ" */;
			buildPhases = (
				BBF883DC76C862ED7EE460D0 /* Check Pods Manifest.lock */,
				9CDF342D19EB2F4C0040AA0F /* Sources */,
				9CDF342E19EB2F4C0040AA0F /* Frameworks */,
				9CDF342F19EB2F4C0040AA0F /* Resources */,
				9CF8CF9419F21F9600B62C65 /* CopyFiles */,
				292721033C429265384E93B4 /* Copy Pods Resources */,
			);
			buildRules = (
			);
			dependencies = (
			);
			name = "Brows Personæ";
			productName = "Brows Personæ";
			productReference = 9CDF343119EB2F4C0040AA0F /* Brows Personæ.app */;
			productType = "com.apple.product-type.application";
		};
		9CDF344319EB2F4C0040AA0F /* Brows PersonæTests */ = {
			isa = PBXNativeTarget;
			buildConfigurationList = 9CDF345119EB2F4C0040AA0F /* Build configuration list for PBXNativeTarget "Brows PersonæTests" */;
			buildPhases = (
				1971C08DE5A5459563557084 /* Check Pods Manifest.lock */,
				9CDF344019EB2F4C0040AA0F /* Sources */,
				9CDF344119EB2F4C0040AA0F /* Frameworks */,
				9CDF344219EB2F4C0040AA0F /* Resources */,
				8C826DAB9AD93B3BA1B9670D /* Copy Pods Resources */,
			);
			buildRules = (
			);
			dependencies = (
				9CDF344619EB2F4C0040AA0F /* PBXTargetDependency */,
			);
			name = "Brows PersonæTests";
			productName = "Brows PersonæTests";
			productReference = 9CDF344419EB2F4C0040AA0F /* Brows PersonæTests.xctest */;
			productType = "com.apple.product-type.bundle.unit-test";
		};
/* End PBXNativeTarget section */

/* Begin PBXProject section */
		9CDF342919EB2F4C0040AA0F /* Project object */ = {
			isa = PBXProject;
			attributes = {
				LastUpgradeCheck = 0610;
				ORGANIZATIONNAME = Eightt;
				TargetAttributes = {
					9CDF343019EB2F4C0040AA0F = {
						CreatedOnToolsVersion = 6.1;
						DevelopmentTeam = LFE44QS95K;
						SystemCapabilities = {
							com.apple.Sandbox = {
								enabled = 1;
							};
						};
					};
					9CDF344319EB2F4C0040AA0F = {
						CreatedOnToolsVersion = 6.1;
						TestTargetID = 9CDF343019EB2F4C0040AA0F;
					};
				};
			};
			buildConfigurationList = 9CDF342C19EB2F4C0040AA0F /* Build configuration list for PBXProject "Brows Personæ" */;
			compatibilityVersion = "Xcode 3.2";
			developmentRegion = English;
			hasScannedForEncodings = 0;
			knownRegions = (
				en,
				Base,
			);
			mainGroup = 9CDF342819EB2F4C0040AA0F;
			productRefGroup = 9CDF343219EB2F4C0040AA0F /* Products */;
			projectDirPath = "";
			projectRoot = "";
			targets = (
				9CDF343019EB2F4C0040AA0F /* Brows Personæ */,
				9CDF344319EB2F4C0040AA0F /* Brows PersonæTests */,
			);
		};
/* End PBXProject section */

/* Begin PBXResourcesBuildPhase section */
		9CDF342F19EB2F4C0040AA0F /* Resources */ = {
			isa = PBXResourcesBuildPhase;
			buildActionMask = 2147483647;
			files = (
				9C3071511A71D1C800AAA4F5 /* TabCell.xib in Resources */,
				9C0D93F51AA124B300728D2E /* PSL.txt in Resources */,
				9C345D351AE0E0E00010744F /* Brows.icns in Resources */,
				9CDF345819EB30640040AA0F /* BrowsWindow.xib in Resources */,
				9C0C53C819F480A3003E0984 /* BrowsTab.xib in Resources */,
				9C0C53C619F38DC3003E0984 /* Texpert.xib in Resources */,
				9CDF343F19EB2F4C0040AA0F /* MainMenu.xib in Resources */,
				9CD502FA1A901A5800AFE556 /* Mktab.xib in Resources */,
			);
			runOnlyForDeploymentPostprocessing = 0;
		};
		9CDF344219EB2F4C0040AA0F /* Resources */ = {
			isa = PBXResourcesBuildPhase;
			buildActionMask = 2147483647;
			files = (
			);
			runOnlyForDeploymentPostprocessing = 0;
		};
/* End PBXResourcesBuildPhase section */

/* Begin PBXShellScriptBuildPhase section */
		1971C08DE5A5459563557084 /* Check Pods Manifest.lock */ = {
			isa = PBXShellScriptBuildPhase;
			buildActionMask = 2147483647;
			files = (
			);
			inputPaths = (
			);
			name = "Check Pods Manifest.lock";
			outputPaths = (
			);
			runOnlyForDeploymentPostprocessing = 0;
			shellPath = /bin/sh;
			shellScript = "diff \"${PODS_ROOT}/../Podfile.lock\" \"${PODS_ROOT}/Manifest.lock\" > /dev/null\nif [[ $? != 0 ]] ; then\n    cat << EOM\nerror: The sandbox is not in sync with the Podfile.lock. Run 'pod install' or update your CocoaPods installation.\nEOM\n    exit 1\nfi\n";
			showEnvVarsInLog = 0;
		};
		292721033C429265384E93B4 /* Copy Pods Resources */ = {
			isa = PBXShellScriptBuildPhase;
			buildActionMask = 2147483647;
			files = (
			);
			inputPaths = (
			);
			name = "Copy Pods Resources";
			outputPaths = (
			);
			runOnlyForDeploymentPostprocessing = 0;
			shellPath = /bin/sh;
			shellScript = "\"${SRCROOT}/Pods/Target Support Files/Pods-Brows Personæ/Pods-Brows Personæ-resources.sh\"\n";
			showEnvVarsInLog = 0;
		};
		8C826DAB9AD93B3BA1B9670D /* Copy Pods Resources */ = {
			isa = PBXShellScriptBuildPhase;
			buildActionMask = 2147483647;
			files = (
			);
			inputPaths = (
			);
			name = "Copy Pods Resources";
			outputPaths = (
			);
			runOnlyForDeploymentPostprocessing = 0;
			shellPath = /bin/sh;
			shellScript = "\"${SRCROOT}/Pods/Target Support Files/Pods-Brows PersonæTests/Pods-Brows PersonæTests-resources.sh\"\n";
			showEnvVarsInLog = 0;
		};
		BBF883DC76C862ED7EE460D0 /* Check Pods Manifest.lock */ = {
			isa = PBXShellScriptBuildPhase;
			buildActionMask = 2147483647;
			files = (
			);
			inputPaths = (
			);
			name = "Check Pods Manifest.lock";
			outputPaths = (
			);
			runOnlyForDeploymentPostprocessing = 0;
			shellPath = /bin/sh;
			shellScript = "diff \"${PODS_ROOT}/../Podfile.lock\" \"${PODS_ROOT}/Manifest.lock\" > /dev/null\nif [[ $? != 0 ]] ; then\n    cat << EOM\nerror: The sandbox is not in sync with the Podfile.lock. Run 'pod install' or update your CocoaPods installation.\nEOM\n    exit 1\nfi\n";
			showEnvVarsInLog = 0;
		};
/* End PBXShellScriptBuildPhase section */

/* Begin PBXSourcesBuildPhase section */
		9CDF342D19EB2F4C0040AA0F /* Sources */ = {
			isa = PBXSourcesBuildPhase;
			buildActionMask = 2147483647;
			files = (
				9C4EAAE21A82FACD00E6CE03 /* NSHTTPCookie+IGPropertyTesting.m in Sources */,
				9CDF345719EB30640040AA0F /* BrowsWindow.m in Sources */,
				9C18A7821B4110020085BA47 /* BrowsTabState.m in Sources */,
				9CD502EC1A8AF31100AFE556 /* Helpies.m in Sources */,
				9C68B11B1A9EA7D800F5C444 /* RACStream+SlidingWindow.m in Sources */,
				9CD502F91A901A5800AFE556 /* MktabController.m in Sources */,
				9C3071571A71DCBB00AAA4F5 /* BrowsTabTableCellView.m in Sources */,
				9CDF345C19EB53F40040AA0F /* BrowsTab.m in Sources */,
				9C15D2B81B3D0BCF00B3640D /* EINoClickthroughVisualEffectView.m in Sources */,
				9C4EAAE01A82F92E00E6CE03 /* EIIGIsolatedCookieWebViewResourceLoadDelegate.m in Sources */,
				9C4EAADA1A82F33800E6CE03 /* EIIGIsolatedCookieWebView.m in Sources */,
				9C0D93F31AA1226200728D2E /* PublicSuffixList.m in Sources */,
				9CDF343A19EB2F4C0040AA0F /* main.m in Sources */,
				9CD503001A927B9100AFE556 /* BrowsTabList.m in Sources */,
				9CDF346519EB94DF0040AA0F /* BrowsPersona.m in Sources */,
				9CDF343819EB2F4C0040AA0F /* AppDelegate.m in Sources */,
				9C54AE841B756D2700CB5A5D /* NSAnimation+AnimateOverBlock.m in Sources */,
				9C54AE811B75636A00CB5A5D /* EISimpleProgressIndicator.m in Sources */,
				9CD502F31A8C41BE00AFE556 /* WebView+ScrollViewAccess.m in Sources */,
			);
			runOnlyForDeploymentPostprocessing = 0;
		};
		9CDF344019EB2F4C0040AA0F /* Sources */ = {
			isa = PBXSourcesBuildPhase;
			buildActionMask = 2147483647;
			files = (
				9CDF344B19EB2F4C0040AA0F /* Brows_Person_Tests.m in Sources */,
			);
			runOnlyForDeploymentPostprocessing = 0;
		};
/* End PBXSourcesBuildPhase section */

/* Begin PBXTargetDependency section */
		9CDF344619EB2F4C0040AA0F /* PBXTargetDependency */ = {
			isa = PBXTargetDependency;
			target = 9CDF343019EB2F4C0040AA0F /* Brows Personæ */;
			targetProxy = 9CDF344519EB2F4C0040AA0F /* PBXContainerItemProxy */;
		};
/* End PBXTargetDependency section */

/* Begin PBXVariantGroup section */
		9CDF343D19EB2F4C0040AA0F /* MainMenu.xib */ = {
			isa = PBXVariantGroup;
			children = (
				9CDF343E19EB2F4C0040AA0F /* Base */,
			);
			name = MainMenu.xib;
			sourceTree = "<group>";
		};
/* End PBXVariantGroup section */

/* Begin XCBuildConfiguration section */
		9CDF344C19EB2F4C0040AA0F /* Debug */ = {
			isa = XCBuildConfiguration;
			buildSettings = {
				ALWAYS_SEARCH_USER_PATHS = NO;
				CLANG_CXX_LANGUAGE_STANDARD = "gnu++0x";
				CLANG_CXX_LIBRARY = "libc++";
				CLANG_ENABLE_MODULES = YES;
				CLANG_ENABLE_OBJC_ARC = YES;
				CLANG_WARN_BOOL_CONVERSION = YES;
				CLANG_WARN_CONSTANT_CONVERSION = YES;
				CLANG_WARN_DIRECT_OBJC_ISA_USAGE = YES_ERROR;
				CLANG_WARN_EMPTY_BODY = YES;
				CLANG_WARN_ENUM_CONVERSION = YES;
				CLANG_WARN_INT_CONVERSION = YES;
				CLANG_WARN_OBJC_ROOT_CLASS = YES_ERROR;
				CLANG_WARN_UNREACHABLE_CODE = YES;
				CLANG_WARN__DUPLICATE_METHOD_MATCH = YES;
				CODE_SIGN_IDENTITY = "-";
				COPY_PHASE_STRIP = NO;
				ENABLE_STRICT_OBJC_MSGSEND = YES;
				GCC_C_LANGUAGE_STANDARD = gnu99;
				GCC_DYNAMIC_NO_PIC = NO;
				GCC_OPTIMIZATION_LEVEL = 0;
				GCC_PREPROCESSOR_DEFINITIONS = (
					"DEBUG=1",
					"$(inherited)",
				);
				GCC_SYMBOLS_PRIVATE_EXTERN = NO;
				GCC_WARN_64_TO_32_BIT_CONVERSION = YES;
				GCC_WARN_ABOUT_RETURN_TYPE = YES_ERROR;
				GCC_WARN_UNDECLARED_SELECTOR = YES;
				GCC_WARN_UNINITIALIZED_AUTOS = YES_AGGRESSIVE;
				GCC_WARN_UNUSED_FUNCTION = YES;
				GCC_WARN_UNUSED_VARIABLE = YES;
				MACOSX_DEPLOYMENT_TARGET = 10.10;
				MTL_ENABLE_DEBUG_INFO = YES;
				ONLY_ACTIVE_ARCH = YES;
				SDKROOT = macosx;
			};
			name = Debug;
		};
		9CDF344D19EB2F4C0040AA0F /* Release */ = {
			isa = XCBuildConfiguration;
			buildSettings = {
				ALWAYS_SEARCH_USER_PATHS = NO;
				CLANG_CXX_LANGUAGE_STANDARD = "gnu++0x";
				CLANG_CXX_LIBRARY = "libc++";
				CLANG_ENABLE_MODULES = YES;
				CLANG_ENABLE_OBJC_ARC = YES;
				CLANG_WARN_BOOL_CONVERSION = YES;
				CLANG_WARN_CONSTANT_CONVERSION = YES;
				CLANG_WARN_DIRECT_OBJC_ISA_USAGE = YES_ERROR;
				CLANG_WARN_EMPTY_BODY = YES;
				CLANG_WARN_ENUM_CONVERSION = YES;
				CLANG_WARN_INT_CONVERSION = YES;
				CLANG_WARN_OBJC_ROOT_CLASS = YES_ERROR;
				CLANG_WARN_UNREACHABLE_CODE = YES;
				CLANG_WARN__DUPLICATE_METHOD_MATCH = YES;
				CODE_SIGN_IDENTITY = "-";
				COPY_PHASE_STRIP = YES;
				DEBUG_INFORMATION_FORMAT = "dwarf-with-dsym";
				ENABLE_NS_ASSERTIONS = NO;
				ENABLE_STRICT_OBJC_MSGSEND = YES;
				GCC_C_LANGUAGE_STANDARD = gnu99;
				GCC_WARN_64_TO_32_BIT_CONVERSION = YES;
				GCC_WARN_ABOUT_RETURN_TYPE = YES_ERROR;
				GCC_WARN_UNDECLARED_SELECTOR = YES;
				GCC_WARN_UNINITIALIZED_AUTOS = YES_AGGRESSIVE;
				GCC_WARN_UNUSED_FUNCTION = YES;
				GCC_WARN_UNUSED_VARIABLE = YES;
				MACOSX_DEPLOYMENT_TARGET = 10.10;
				MTL_ENABLE_DEBUG_INFO = NO;
				SDKROOT = macosx;
			};
			name = Release;
		};
		9CDF344F19EB2F4C0040AA0F /* Debug */ = {
			isa = XCBuildConfiguration;
			baseConfigurationReference = 6C602256BEB395FA9B77249E /* Pods-Brows Personæ.debug.xcconfig */;
			buildSettings = {
				ASSETCATALOG_COMPILER_APPICON_NAME = AppIcon;
				CLANG_WARN_OBJC_IMPLICIT_RETAIN_SELF = NO;
				CLANG_WARN_OBJC_REPEATED_USE_OF_WEAK = NO;
				CODE_SIGN_ENTITLEMENTS = "Brows Personæ/Brows Personæ.entitlements";
				CODE_SIGN_IDENTITY = "Developer ID Application: TALUS BADDLEY";
				COMBINE_HIDPI_IMAGES = YES;
				FRAMEWORK_SEARCH_PATHS = (
					"$(inherited)",
					"$(PROJECT_DIR)/WebKit/WebKitBuild/Release",
				);
				GCC_PREFIX_HEADER = "Brows Personæ/Personæ.pch";
				HEADER_SEARCH_PATHS = (
					"$(inherited)",
					"/Applications/Xcode-Beta.app/Contents/Developer/Toolchains/XcodeDefault.xctoolchain/usr/include",
					"$(BUILD_ROOT)/../IntermediateBuildFilesPath/UninstalledProducts/include",
				);
				INFOPLIST_FILE = "Brows Personæ/Info.plist";
				LD_RUNPATH_SEARCH_PATHS = "$(inherited) @loader_path/../Frameworks";
				OTHER_CODE_SIGN_FLAGS = "";
				PRODUCT_NAME = "$(TARGET_NAME)";
			};
			name = Debug;
		};
		9CDF345019EB2F4C0040AA0F /* Release */ = {
			isa = XCBuildConfiguration;
			baseConfigurationReference = 850D133ECA2DDC9E9AB30124 /* Pods-Brows Personæ.release.xcconfig */;
			buildSettings = {
				ASSETCATALOG_COMPILER_APPICON_NAME = AppIcon;
				CLANG_WARN_OBJC_IMPLICIT_RETAIN_SELF = NO;
				CLANG_WARN_OBJC_REPEATED_USE_OF_WEAK = NO;
				CODE_SIGN_ENTITLEMENTS = "Brows Personæ/Brows Personæ.entitlements";
				CODE_SIGN_IDENTITY = "Developer ID Application: TALUS BADDLEY";
				COMBINE_HIDPI_IMAGES = YES;
				FRAMEWORK_SEARCH_PATHS = (
					"$(inherited)",
					"$(PROJECT_DIR)/WebKit/WebKitBuild/Release",
				);
				GCC_PREFIX_HEADER = "Brows Personæ/Personæ.pch";
				HEADER_SEARCH_PATHS = (
					"$(inherited)",
					"/Applications/Xcode-Beta.app/Contents/Developer/Toolchains/XcodeDefault.xctoolchain/usr/include",
					"$(BUILD_ROOT)/../IntermediateBuildFilesPath/UninstalledProducts/include",
				);
				INFOPLIST_FILE = "Brows Personæ/Info.plist";
				LD_RUNPATH_SEARCH_PATHS = "$(inherited) @loader_path/../Frameworks";
				OTHER_CODE_SIGN_FLAGS = "";
				PRODUCT_NAME = "$(TARGET_NAME)";
			};
			name = Release;
		};
		9CDF345219EB2F4C0040AA0F /* Debug */ = {
			isa = XCBuildConfiguration;
			baseConfigurationReference = CA9D62F45FCF9749E0E40652 /* Pods-Brows PersonæTests.debug.xcconfig */;
			buildSettings = {
				BUNDLE_LOADER = "$(TEST_HOST)";
				COMBINE_HIDPI_IMAGES = YES;
				FRAMEWORK_SEARCH_PATHS = (
					"$(DEVELOPER_FRAMEWORKS_DIR)",
					"$(inherited)",
				);
				GCC_PREPROCESSOR_DEFINITIONS = (
					"DEBUG=1",
					"$(inherited)",
				);
				INFOPLIST_FILE = "Brows PersonæTests/Info.plist";
				LD_RUNPATH_SEARCH_PATHS = "$(inherited) @executable_path/../Frameworks @loader_path/../Frameworks";
				PRODUCT_NAME = "$(TARGET_NAME)";
				TEST_HOST = "$(BUILT_PRODUCTS_DIR)/Brows Personæ.app/Contents/MacOS/Brows Personæ";
			};
			name = Debug;
		};
		9CDF345319EB2F4C0040AA0F /* Release */ = {
			isa = XCBuildConfiguration;
			baseConfigurationReference = 7FEB8A042A6C4100F147289F /* Pods-Brows PersonæTests.release.xcconfig */;
			buildSettings = {
				BUNDLE_LOADER = "$(TEST_HOST)";
				COMBINE_HIDPI_IMAGES = YES;
				FRAMEWORK_SEARCH_PATHS = (
					"$(DEVELOPER_FRAMEWORKS_DIR)",
					"$(inherited)",
				);
				INFOPLIST_FILE = "Brows PersonæTests/Info.plist";
				LD_RUNPATH_SEARCH_PATHS = "$(inherited) @executable_path/../Frameworks @loader_path/../Frameworks";
				PRODUCT_NAME = "$(TARGET_NAME)";
				TEST_HOST = "$(BUILT_PRODUCTS_DIR)/Brows Personæ.app/Contents/MacOS/Brows Personæ";
			};
			name = Release;
		};
/* End XCBuildConfiguration section */

/* Begin XCConfigurationList section */
		9CDF342C19EB2F4C0040AA0F /* Build configuration list for PBXProject "Brows Personæ" */ = {
			isa = XCConfigurationList;
			buildConfigurations = (
				9CDF344C19EB2F4C0040AA0F /* Debug */,
				9CDF344D19EB2F4C0040AA0F /* Release */,
			);
			defaultConfigurationIsVisible = 0;
			defaultConfigurationName = Release;
		};
		9CDF344E19EB2F4C0040AA0F /* Build configuration list for PBXNativeTarget "Brows Personæ" */ = {
			isa = XCConfigurationList;
			buildConfigurations = (
				9CDF344F19EB2F4C0040AA0F /* Debug */,
				9CDF345019EB2F4C0040AA0F /* Release */,
			);
			defaultConfigurationIsVisible = 0;
			defaultConfigurationName = Release;
		};
		9CDF345119EB2F4C0040AA0F /* Build configuration list for PBXNativeTarget "Brows PersonæTests" */ = {
			isa = XCConfigurationList;
			buildConfigurations = (
				9CDF345219EB2F4C0040AA0F /* Debug */,
				9CDF345319EB2F4C0040AA0F /* Release */,
			);
			defaultConfigurationIsVisible = 0;
			defaultConfigurationName = Release;
		};
/* End XCConfigurationList section */
	};
	rootObject = 9CDF342919EB2F4C0040AA0F /* Project object */;
}
