<?xml version="1.0" encoding="UTF-8"?>
<!DOCTYPE plist PUBLIC "-//Apple//DTD PLIST 1.0//EN" "http://www.apple.com/DTDs/PropertyList-1.0.dtd">
<plist version="1.0">
<dict>
	<key>archiveVersion</key>
	<string>1</string>
	<key>classes</key>
	<dict/>
	<key>objectVersion</key>
	<string>46</string>
	<key>objects</key>
	<dict>
		<key>18D4ECB428A068EBE54D7A29</key>
		<dict>
			<key>explicitFileType</key>
			<string>archive.ar</string>
			<key>includeInIndex</key>
			<string>0</string>
			<key>isa</key>
			<string>PBXFileReference</string>
			<key>path</key>
			<string>libPods-Brows Person&#230;.a</string>
			<key>sourceTree</key>
			<string>BUILT_PRODUCTS_DIR</string>
		</dict>
		<key>1971C08DE5A5459563557084</key>
		<dict>
			<key>buildActionMask</key>
			<string>2147483647</string>
			<key>files</key>
			<array/>
			<key>inputPaths</key>
			<array/>
			<key>isa</key>
			<string>PBXShellScriptBuildPhase</string>
			<key>name</key>
			<string>Check Pods Manifest.lock</string>
			<key>outputPaths</key>
			<array/>
			<key>runOnlyForDeploymentPostprocessing</key>
			<string>0</string>
			<key>shellPath</key>
			<string>/bin/sh</string>
			<key>shellScript</key>
			<string>diff "${PODS_ROOT}/../Podfile.lock" "${PODS_ROOT}/Manifest.lock" &gt; /dev/null
if [[ $? != 0 ]] ; then
    cat &lt;&lt; EOM
error: The sandbox is not in sync with the Podfile.lock. Run 'pod install' or update your CocoaPods installation.
EOM
    exit 1
fi
</string>
			<key>showEnvVarsInLog</key>
			<string>0</string>
		</dict>
		<key>23F0E444F6523743D44743AC</key>
		<dict>
			<key>explicitFileType</key>
			<string>archive.ar</string>
			<key>includeInIndex</key>
			<string>0</string>
			<key>isa</key>
			<string>PBXFileReference</string>
			<key>path</key>
			<string>libPods-Brows Person&#230;Tests.a</string>
			<key>sourceTree</key>
			<string>BUILT_PRODUCTS_DIR</string>
		</dict>
		<key>292721033C429265384E93B4</key>
		<dict>
			<key>buildActionMask</key>
			<string>2147483647</string>
			<key>files</key>
			<array/>
			<key>inputPaths</key>
			<array/>
			<key>isa</key>
			<string>PBXShellScriptBuildPhase</string>
			<key>name</key>
			<string>Copy Pods Resources</string>
			<key>outputPaths</key>
			<array/>
			<key>runOnlyForDeploymentPostprocessing</key>
			<string>0</string>
			<key>shellPath</key>
			<string>/bin/sh</string>
			<key>shellScript</key>
			<string>"${SRCROOT}/Pods/Target Support Files/Pods-Brows Person&#230;/Pods-Brows Person&#230;-resources.sh"
</string>
			<key>showEnvVarsInLog</key>
			<string>0</string>
		</dict>
		<key>41EB9A6531817B3270AEBC04</key>
		<dict>
			<key>fileRef</key>
			<string>23F0E444F6523743D44743AC</string>
			<key>isa</key>
			<string>PBXBuildFile</string>
		</dict>
		<key>6C602256BEB395FA9B77249E</key>
		<dict>
			<key>includeInIndex</key>
			<string>1</string>
			<key>isa</key>
			<string>PBXFileReference</string>
			<key>lastKnownFileType</key>
			<string>text.xcconfig</string>
			<key>name</key>
			<string>Pods-Brows Person&#230;.debug.xcconfig</string>
			<key>path</key>
			<string>Pods/Target Support Files/Pods-Brows Person&#230;/Pods-Brows Person&#230;.debug.xcconfig</string>
			<key>sourceTree</key>
			<string>&lt;group&gt;</string>
		</dict>
		<key>7FEB8A042A6C4100F147289F</key>
		<dict>
			<key>includeInIndex</key>
			<string>1</string>
			<key>isa</key>
			<string>PBXFileReference</string>
			<key>lastKnownFileType</key>
			<string>text.xcconfig</string>
			<key>name</key>
			<string>Pods-Brows Person&#230;Tests.release.xcconfig</string>
			<key>path</key>
			<string>Pods/Target Support Files/Pods-Brows Person&#230;Tests/Pods-Brows Person&#230;Tests.release.xcconfig</string>
			<key>sourceTree</key>
			<string>&lt;group&gt;</string>
		</dict>
		<key>850D133ECA2DDC9E9AB30124</key>
		<dict>
			<key>includeInIndex</key>
			<string>1</string>
			<key>isa</key>
			<string>PBXFileReference</string>
			<key>lastKnownFileType</key>
			<string>text.xcconfig</string>
			<key>name</key>
			<string>Pods-Brows Person&#230;.release.xcconfig</string>
			<key>path</key>
			<string>Pods/Target Support Files/Pods-Brows Person&#230;/Pods-Brows Person&#230;.release.xcconfig</string>
			<key>sourceTree</key>
			<string>&lt;group&gt;</string>
		</dict>
		<key>8A305DD949511AA14CC1E705</key>
		<dict>
			<key>fileRef</key>
			<string>18D4ECB428A068EBE54D7A29</string>
			<key>isa</key>
			<string>PBXBuildFile</string>
		</dict>
		<key>8C826DAB9AD93B3BA1B9670D</key>
		<dict>
			<key>buildActionMask</key>
			<string>2147483647</string>
			<key>files</key>
			<array/>
			<key>inputPaths</key>
			<array/>
			<key>isa</key>
			<string>PBXShellScriptBuildPhase</string>
			<key>name</key>
			<string>Copy Pods Resources</string>
			<key>outputPaths</key>
			<array/>
			<key>runOnlyForDeploymentPostprocessing</key>
			<string>0</string>
			<key>shellPath</key>
			<string>/bin/sh</string>
			<key>shellScript</key>
			<string>"${SRCROOT}/Pods/Target Support Files/Pods-Brows Person&#230;Tests/Pods-Brows Person&#230;Tests-resources.sh"
</string>
			<key>showEnvVarsInLog</key>
			<string>0</string>
		</dict>
		<key>9C0C53C519F38DC3003E0984</key>
		<dict>
			<key>fileEncoding</key>
			<string>4</string>
			<key>isa</key>
			<string>PBXFileReference</string>
			<key>lastKnownFileType</key>
			<string>file.xib</string>
			<key>path</key>
			<string>Texpert.xib</string>
			<key>sourceTree</key>
			<string>&lt;group&gt;</string>
		</dict>
		<key>9C0C53C619F38DC3003E0984</key>
		<dict>
			<key>fileRef</key>
			<string>9C0C53C519F38DC3003E0984</string>
			<key>isa</key>
			<string>PBXBuildFile</string>
		</dict>
		<key>9C0C53C719F480A3003E0984</key>
		<dict>
			<key>fileEncoding</key>
			<string>4</string>
			<key>isa</key>
			<string>PBXFileReference</string>
			<key>lastKnownFileType</key>
			<string>file.xib</string>
			<key>path</key>
			<string>BrowsTab.xib</string>
			<key>sourceTree</key>
			<string>&lt;group&gt;</string>
		</dict>
		<key>9C0C53C819F480A3003E0984</key>
		<dict>
			<key>fileRef</key>
			<string>9C0C53C719F480A3003E0984</string>
			<key>isa</key>
			<string>PBXBuildFile</string>
		</dict>
		<key>9C3071501A71D1C800AAA4F5</key>
		<dict>
			<key>fileEncoding</key>
			<string>4</string>
			<key>isa</key>
			<string>PBXFileReference</string>
			<key>lastKnownFileType</key>
			<string>file.xib</string>
			<key>path</key>
			<string>TabCell.xib</string>
			<key>sourceTree</key>
			<string>&lt;group&gt;</string>
		</dict>
		<key>9C3071511A71D1C800AAA4F5</key>
		<dict>
			<key>fileRef</key>
			<string>9C3071501A71D1C800AAA4F5</string>
			<key>isa</key>
			<string>PBXBuildFile</string>
		</dict>
		<key>9C3071551A71DCBB00AAA4F5</key>
		<dict>
			<key>fileEncoding</key>
			<string>4</string>
			<key>isa</key>
			<string>PBXFileReference</string>
			<key>lastKnownFileType</key>
			<string>sourcecode.c.h</string>
			<key>path</key>
			<string>BrowsTabTableCellView.h</string>
			<key>sourceTree</key>
			<string>&lt;group&gt;</string>
		</dict>
		<key>9C3071561A71DCBB00AAA4F5</key>
		<dict>
			<key>fileEncoding</key>
			<string>4</string>
			<key>isa</key>
			<string>PBXFileReference</string>
			<key>lastKnownFileType</key>
			<string>sourcecode.c.objc</string>
			<key>path</key>
			<string>BrowsTabTableCellView.m</string>
			<key>sourceTree</key>
			<string>&lt;group&gt;</string>
		</dict>
		<key>9C3071571A71DCBB00AAA4F5</key>
		<dict>
			<key>fileRef</key>
			<string>9C3071561A71DCBB00AAA4F5</string>
			<key>isa</key>
			<string>PBXBuildFile</string>
		</dict>
		<key>9C4EAAD41A82F31500E6CE03</key>
		<dict>
			<key>children</key>
			<array>
				<string>9C4EAAD81A82F33800E6CE03</string>
				<string>9C4EAAD91A82F33800E6CE03</string>
				<string>9C4EAADE1A82F92E00E6CE03</string>
				<string>9C4EAADF1A82F92E00E6CE03</string>
				<string>9C4EAAE31A82FAED00E6CE03</string>
				<string>9C4EAAE11A82FACD00E6CE03</string>
			</array>
			<key>isa</key>
			<string>PBXGroup</string>
			<key>name</key>
			<string>COOOOKIES omm nomm</string>
			<key>sourceTree</key>
			<string>&lt;group&gt;</string>
		</dict>
		<key>9C4EAAD81A82F33800E6CE03</key>
		<dict>
			<key>fileEncoding</key>
			<string>4</string>
			<key>isa</key>
			<string>PBXFileReference</string>
			<key>lastKnownFileType</key>
			<string>sourcecode.c.h</string>
			<key>path</key>
			<string>IGIsolatedCookieWebView.h</string>
			<key>sourceTree</key>
			<string>&lt;group&gt;</string>
		</dict>
		<key>9C4EAAD91A82F33800E6CE03</key>
		<dict>
			<key>fileEncoding</key>
			<string>4</string>
			<key>isa</key>
			<string>PBXFileReference</string>
			<key>lastKnownFileType</key>
			<string>sourcecode.c.objc</string>
			<key>path</key>
			<string>IGIsolatedCookieWebView.m</string>
			<key>sourceTree</key>
			<string>&lt;group&gt;</string>
		</dict>
		<key>9C4EAADA1A82F33800E6CE03</key>
		<dict>
			<key>fileRef</key>
			<string>9C4EAAD91A82F33800E6CE03</string>
			<key>isa</key>
			<string>PBXBuildFile</string>
		</dict>
		<key>9C4EAADE1A82F92E00E6CE03</key>
		<dict>
			<key>fileEncoding</key>
			<string>4</string>
			<key>isa</key>
			<string>PBXFileReference</string>
			<key>lastKnownFileType</key>
			<string>sourcecode.c.h</string>
			<key>path</key>
			<string>IGIsolatedCookieWebViewResourceLoadDelegate.h</string>
			<key>sourceTree</key>
			<string>&lt;group&gt;</string>
		</dict>
		<key>9C4EAADF1A82F92E00E6CE03</key>
		<dict>
			<key>fileEncoding</key>
			<string>4</string>
			<key>isa</key>
			<string>PBXFileReference</string>
			<key>lastKnownFileType</key>
			<string>sourcecode.c.objc</string>
			<key>path</key>
			<string>IGIsolatedCookieWebViewResourceLoadDelegate.m</string>
			<key>sourceTree</key>
			<string>&lt;group&gt;</string>
		</dict>
		<key>9C4EAAE01A82F92E00E6CE03</key>
		<dict>
			<key>fileRef</key>
			<string>9C4EAADF1A82F92E00E6CE03</string>
			<key>isa</key>
			<string>PBXBuildFile</string>
		</dict>
		<key>9C4EAAE11A82FACD00E6CE03</key>
		<dict>
			<key>fileEncoding</key>
			<string>4</string>
			<key>isa</key>
			<string>PBXFileReference</string>
			<key>lastKnownFileType</key>
			<string>sourcecode.c.objc</string>
			<key>path</key>
			<string>NSHTTPCookie+IGPropertyTesting.m</string>
			<key>sourceTree</key>
			<string>&lt;group&gt;</string>
		</dict>
		<key>9C4EAAE21A82FACD00E6CE03</key>
		<dict>
			<key>fileRef</key>
			<string>9C4EAAE11A82FACD00E6CE03</string>
			<key>isa</key>
			<string>PBXBuildFile</string>
		</dict>
		<key>9C4EAAE31A82FAED00E6CE03</key>
		<dict>
			<key>isa</key>
			<string>PBXFileReference</string>
			<key>lastKnownFileType</key>
			<string>sourcecode.c.h</string>
			<key>path</key>
			<string>NSHTTPCookie+IGPropertyTesting.h</string>
			<key>sourceTree</key>
			<string>&lt;group&gt;</string>
		</dict>
		<key>9C6810F01A7C6940008263A4</key>
		<dict>
			<key>isa</key>
			<string>PBXFileReference</string>
			<key>lastKnownFileType</key>
			<string>sourcecode.c.h</string>
			<key>path</key>
			<string>Person&#230;.pch</string>
			<key>sourceTree</key>
			<string>&lt;group&gt;</string>
		</dict>
		<key>9C6810F11A7CB76D008263A4</key>
		<dict>
			<key>isa</key>
			<string>PBXFileReference</string>
			<key>lastKnownFileType</key>
			<string>wrapper.framework</string>
			<key>name</key>
			<string>WebKit.framework</string>
			<key>path</key>
			<string>System/Library/Frameworks/WebKit.framework</string>
			<key>sourceTree</key>
			<string>SDKROOT</string>
		</dict>
		<key>9C6810F21A7CB76D008263A4</key>
		<dict>
			<key>fileRef</key>
			<string>9C6810F11A7CB76D008263A4</string>
			<key>isa</key>
			<string>PBXBuildFile</string>
		</dict>
		<key>9CDF342819EB2F4C0040AA0F</key>
		<dict>
			<key>children</key>
			<array>
				<string>9C6810F11A7CB76D008263A4</string>
				<string>9CDF343319EB2F4C0040AA0F</string>
				<string>9CDF344719EB2F4C0040AA0F</string>
				<string>9CDF343219EB2F4C0040AA0F</string>
				<string>C1A195D6E2C7C97102999C50</string>
				<string>EC94D767FB5D04AC16D852C0</string>
			</array>
			<key>isa</key>
			<string>PBXGroup</string>
			<key>sourceTree</key>
			<string>&lt;group&gt;</string>
		</dict>
		<key>9CDF342919EB2F4C0040AA0F</key>
		<dict>
			<key>attributes</key>
			<dict>
				<key>LastUpgradeCheck</key>
				<string>0610</string>
				<key>ORGANIZATIONNAME</key>
				<string>Eightt</string>
				<key>TargetAttributes</key>
				<dict>
					<key>9CDF343019EB2F4C0040AA0F</key>
					<dict>
						<key>CreatedOnToolsVersion</key>
						<string>6.1</string>
						<key>DevelopmentTeam</key>
						<string>LFE44QS95K</string>
						<key>SystemCapabilities</key>
						<dict>
							<key>com.apple.Sandbox</key>
							<dict>
								<key>enabled</key>
								<string>1</string>
							</dict>
						</dict>
					</dict>
					<key>9CDF344319EB2F4C0040AA0F</key>
					<dict>
						<key>CreatedOnToolsVersion</key>
						<string>6.1</string>
						<key>TestTargetID</key>
						<string>9CDF343019EB2F4C0040AA0F</string>
					</dict>
				</dict>
			</dict>
			<key>buildConfigurationList</key>
			<string>9CDF342C19EB2F4C0040AA0F</string>
			<key>compatibilityVersion</key>
			<string>Xcode 3.2</string>
			<key>developmentRegion</key>
			<string>English</string>
			<key>hasScannedForEncodings</key>
			<string>0</string>
			<key>isa</key>
			<string>PBXProject</string>
			<key>knownRegions</key>
			<array>
				<string>en</string>
				<string>Base</string>
			</array>
			<key>mainGroup</key>
			<string>9CDF342819EB2F4C0040AA0F</string>
			<key>productRefGroup</key>
			<string>9CDF343219EB2F4C0040AA0F</string>
			<key>projectDirPath</key>
			<string></string>
			<key>projectReferences</key>
			<array/>
			<key>projectRoot</key>
			<string></string>
			<key>targets</key>
			<array>
				<string>9CDF343019EB2F4C0040AA0F</string>
				<string>9CDF344319EB2F4C0040AA0F</string>
			</array>
		</dict>
		<key>9CDF342C19EB2F4C0040AA0F</key>
		<dict>
			<key>buildConfigurations</key>
			<array>
				<string>9CDF344C19EB2F4C0040AA0F</string>
				<string>9CDF344D19EB2F4C0040AA0F</string>
			</array>
			<key>defaultConfigurationIsVisible</key>
			<string>0</string>
			<key>defaultConfigurationName</key>
			<string>Release</string>
			<key>isa</key>
			<string>XCConfigurationList</string>
		</dict>
		<key>9CDF342D19EB2F4C0040AA0F</key>
		<dict>
			<key>buildActionMask</key>
			<string>2147483647</string>
			<key>files</key>
			<array>
				<string>9C4EAAE21A82FACD00E6CE03</string>
				<string>9CDF345719EB30640040AA0F</string>
				<string>9C3071571A71DCBB00AAA4F5</string>
				<string>9CDF345C19EB53F40040AA0F</string>
				<string>9C4EAAE01A82F92E00E6CE03</string>
				<string>9C4EAADA1A82F33800E6CE03</string>
				<string>9CDF343A19EB2F4C0040AA0F</string>
				<string>9CDF346519EB94DF0040AA0F</string>
				<string>9CDF343819EB2F4C0040AA0F</string>
			</array>
			<key>isa</key>
			<string>PBXSourcesBuildPhase</string>
			<key>runOnlyForDeploymentPostprocessing</key>
			<string>0</string>
		</dict>
		<key>9CDF342E19EB2F4C0040AA0F</key>
		<dict>
			<key>buildActionMask</key>
			<string>2147483647</string>
			<key>files</key>
			<array>
				<string>9C6810F21A7CB76D008263A4</string>
				<string>8A305DD949511AA14CC1E705</string>
			</array>
			<key>isa</key>
			<string>PBXFrameworksBuildPhase</string>
			<key>runOnlyForDeploymentPostprocessing</key>
			<string>0</string>
		</dict>
		<key>9CDF342F19EB2F4C0040AA0F</key>
		<dict>
			<key>buildActionMask</key>
			<string>2147483647</string>
			<key>files</key>
			<array>
				<string>9C3071511A71D1C800AAA4F5</string>
				<string>9CDF345819EB30640040AA0F</string>
				<string>9C0C53C819F480A3003E0984</string>
				<string>9C0C53C619F38DC3003E0984</string>
				<string>9CDF343F19EB2F4C0040AA0F</string>
			</array>
			<key>isa</key>
			<string>PBXResourcesBuildPhase</string>
			<key>runOnlyForDeploymentPostprocessing</key>
			<string>0</string>
		</dict>
		<key>9CDF343019EB2F4C0040AA0F</key>
		<dict>
			<key>buildConfigurationList</key>
			<string>9CDF344E19EB2F4C0040AA0F</string>
			<key>buildPhases</key>
			<array>
				<string>BBF883DC76C862ED7EE460D0</string>
				<string>9CDF342D19EB2F4C0040AA0F</string>
				<string>9CDF342E19EB2F4C0040AA0F</string>
				<string>9CDF342F19EB2F4C0040AA0F</string>
				<string>9CF8CF9419F21F9600B62C65</string>
				<string>292721033C429265384E93B4</string>
			</array>
			<key>buildRules</key>
			<array/>
			<key>dependencies</key>
			<array/>
			<key>isa</key>
			<string>PBXNativeTarget</string>
			<key>name</key>
			<string>Brows Person&#230;</string>
			<key>productName</key>
			<string>Brows Person&#230;</string>
			<key>productReference</key>
			<string>9CDF343119EB2F4C0040AA0F</string>
			<key>productType</key>
			<string>com.apple.product-type.application</string>
		</dict>
		<key>9CDF343119EB2F4C0040AA0F</key>
		<dict>
			<key>explicitFileType</key>
			<string>wrapper.application</string>
			<key>includeInIndex</key>
			<string>0</string>
			<key>isa</key>
			<string>PBXFileReference</string>
			<key>path</key>
			<string>Brows Person&#230;.app</string>
			<key>sourceTree</key>
			<string>BUILT_PRODUCTS_DIR</string>
		</dict>
		<key>9CDF343219EB2F4C0040AA0F</key>
		<dict>
			<key>children</key>
			<array>
				<string>9CDF343119EB2F4C0040AA0F</string>
				<string>9CDF344419EB2F4C0040AA0F</string>
			</array>
			<key>isa</key>
			<string>PBXGroup</string>
			<key>name</key>
			<string>Products</string>
			<key>sourceTree</key>
			<string>&lt;group&gt;</string>
		</dict>
		<key>9CDF343319EB2F4C0040AA0F</key>
		<dict>
			<key>children</key>
			<array>
				<string>9CDF345919EB4D0D0040AA0F</string>
				<string>9CDF343619EB2F4C0040AA0F</string>
				<string>9CDF343719EB2F4C0040AA0F</string>
				<string>9CDF343D19EB2F4C0040AA0F</string>
				<string>9CDF345419EB30640040AA0F</string>
				<string>9CDF345519EB30640040AA0F</string>
				<string>9CDF345619EB30640040AA0F</string>
				<string>9C3071501A71D1C800AAA4F5</string>
				<string>9C3071551A71DCBB00AAA4F5</string>
				<string>9C3071561A71DCBB00AAA4F5</string>
				<string>9CDF345A19EB53F40040AA0F</string>
				<string>9CDF345B19EB53F40040AA0F</string>
				<string>9C0C53C719F480A3003E0984</string>
				<string>9CDF346319EB94DF0040AA0F</string>
				<string>9CDF346419EB94DF0040AA0F</string>
				<string>9C4EAAD41A82F31500E6CE03</string>
				<string>9C0C53C519F38DC3003E0984</string>
				<string>9CDF343419EB2F4C0040AA0F</string>
			</array>
			<key>isa</key>
			<string>PBXGroup</string>
			<key>path</key>
			<string>Brows Person&#230;</string>
			<key>sourceTree</key>
			<string>&lt;group&gt;</string>
		</dict>
		<key>9CDF343419EB2F4C0040AA0F</key>
		<dict>
			<key>children</key>
			<array>
				<string>9C6810F01A7C6940008263A4</string>
				<string>9CDF343519EB2F4C0040AA0F</string>
				<string>9CDF343919EB2F4C0040AA0F</string>
			</array>
			<key>isa</key>
			<string>PBXGroup</string>
			<key>name</key>
			<string>Supporting Files</string>
			<key>sourceTree</key>
			<string>&lt;group&gt;</string>
		</dict>
		<key>9CDF343519EB2F4C0040AA0F</key>
		<dict>
			<key>isa</key>
			<string>PBXFileReference</string>
			<key>lastKnownFileType</key>
			<string>text.plist.xml</string>
			<key>path</key>
			<string>Info.plist</string>
			<key>sourceTree</key>
			<string>&lt;group&gt;</string>
		</dict>
		<key>9CDF343619EB2F4C0040AA0F</key>
		<dict>
			<key>isa</key>
			<string>PBXFileReference</string>
			<key>lastKnownFileType</key>
			<string>sourcecode.c.h</string>
			<key>path</key>
			<string>AppDelegate.h</string>
			<key>sourceTree</key>
			<string>&lt;group&gt;</string>
		</dict>
		<key>9CDF343719EB2F4C0040AA0F</key>
		<dict>
			<key>isa</key>
			<string>PBXFileReference</string>
			<key>lastKnownFileType</key>
			<string>sourcecode.c.objc</string>
			<key>path</key>
			<string>AppDelegate.m</string>
			<key>sourceTree</key>
			<string>&lt;group&gt;</string>
		</dict>
		<key>9CDF343819EB2F4C0040AA0F</key>
		<dict>
			<key>fileRef</key>
			<string>9CDF343719EB2F4C0040AA0F</string>
			<key>isa</key>
			<string>PBXBuildFile</string>
		</dict>
		<key>9CDF343919EB2F4C0040AA0F</key>
		<dict>
			<key>isa</key>
			<string>PBXFileReference</string>
			<key>lastKnownFileType</key>
			<string>sourcecode.c.objc</string>
			<key>path</key>
			<string>main.m</string>
			<key>sourceTree</key>
			<string>&lt;group&gt;</string>
		</dict>
		<key>9CDF343A19EB2F4C0040AA0F</key>
		<dict>
			<key>fileRef</key>
			<string>9CDF343919EB2F4C0040AA0F</string>
			<key>isa</key>
			<string>PBXBuildFile</string>
		</dict>
		<key>9CDF343D19EB2F4C0040AA0F</key>
		<dict>
			<key>children</key>
			<array>
				<string>9CDF343E19EB2F4C0040AA0F</string>
			</array>
			<key>isa</key>
			<string>PBXVariantGroup</string>
			<key>name</key>
			<string>MainMenu.xib</string>
			<key>sourceTree</key>
			<string>&lt;group&gt;</string>
		</dict>
		<key>9CDF343E19EB2F4C0040AA0F</key>
		<dict>
			<key>isa</key>
			<string>PBXFileReference</string>
			<key>lastKnownFileType</key>
			<string>file.xib</string>
			<key>name</key>
			<string>Base</string>
			<key>path</key>
			<string>Base.lproj/MainMenu.xib</string>
			<key>sourceTree</key>
			<string>&lt;group&gt;</string>
		</dict>
		<key>9CDF343F19EB2F4C0040AA0F</key>
		<dict>
			<key>fileRef</key>
			<string>9CDF343D19EB2F4C0040AA0F</string>
			<key>isa</key>
			<string>PBXBuildFile</string>
		</dict>
		<key>9CDF344019EB2F4C0040AA0F</key>
		<dict>
			<key>buildActionMask</key>
			<string>2147483647</string>
			<key>files</key>
			<array>
				<string>9CDF344B19EB2F4C0040AA0F</string>
			</array>
			<key>isa</key>
			<string>PBXSourcesBuildPhase</string>
			<key>runOnlyForDeploymentPostprocessing</key>
			<string>0</string>
		</dict>
		<key>9CDF344119EB2F4C0040AA0F</key>
		<dict>
			<key>buildActionMask</key>
			<string>2147483647</string>
			<key>files</key>
			<array>
				<string>41EB9A6531817B3270AEBC04</string>
			</array>
			<key>isa</key>
			<string>PBXFrameworksBuildPhase</string>
			<key>runOnlyForDeploymentPostprocessing</key>
			<string>0</string>
		</dict>
		<key>9CDF344219EB2F4C0040AA0F</key>
		<dict>
			<key>buildActionMask</key>
			<string>2147483647</string>
			<key>files</key>
			<array/>
			<key>isa</key>
			<string>PBXResourcesBuildPhase</string>
			<key>runOnlyForDeploymentPostprocessing</key>
			<string>0</string>
		</dict>
		<key>9CDF344319EB2F4C0040AA0F</key>
		<dict>
			<key>buildConfigurationList</key>
			<string>9CDF345119EB2F4C0040AA0F</string>
			<key>buildPhases</key>
			<array>
				<string>1971C08DE5A5459563557084</string>
				<string>9CDF344019EB2F4C0040AA0F</string>
				<string>9CDF344119EB2F4C0040AA0F</string>
				<string>9CDF344219EB2F4C0040AA0F</string>
				<string>8C826DAB9AD93B3BA1B9670D</string>
			</array>
			<key>buildRules</key>
			<array/>
			<key>dependencies</key>
			<array>
				<string>9CDF344619EB2F4C0040AA0F</string>
			</array>
			<key>isa</key>
			<string>PBXNativeTarget</string>
			<key>name</key>
			<string>Brows Person&#230;Tests</string>
			<key>productName</key>
			<string>Brows Person&#230;Tests</string>
			<key>productReference</key>
			<string>9CDF344419EB2F4C0040AA0F</string>
			<key>productType</key>
			<string>com.apple.product-type.bundle.unit-test</string>
		</dict>
		<key>9CDF344419EB2F4C0040AA0F</key>
		<dict>
			<key>explicitFileType</key>
			<string>wrapper.cfbundle</string>
			<key>includeInIndex</key>
			<string>0</string>
			<key>isa</key>
			<string>PBXFileReference</string>
			<key>path</key>
			<string>Brows Person&#230;Tests.xctest</string>
			<key>sourceTree</key>
			<string>BUILT_PRODUCTS_DIR</string>
		</dict>
		<key>9CDF344519EB2F4C0040AA0F</key>
		<dict>
			<key>containerPortal</key>
			<string>9CDF342919EB2F4C0040AA0F</string>
			<key>isa</key>
			<string>PBXContainerItemProxy</string>
			<key>proxyType</key>
			<string>1</string>
			<key>remoteGlobalIDString</key>
			<string>9CDF343019EB2F4C0040AA0F</string>
			<key>remoteInfo</key>
			<string>Brows Person&#230;</string>
		</dict>
		<key>9CDF344619EB2F4C0040AA0F</key>
		<dict>
			<key>isa</key>
			<string>PBXTargetDependency</string>
			<key>target</key>
			<string>9CDF343019EB2F4C0040AA0F</string>
			<key>targetProxy</key>
			<string>9CDF344519EB2F4C0040AA0F</string>
		</dict>
		<key>9CDF344719EB2F4C0040AA0F</key>
		<dict>
			<key>children</key>
			<array>
				<string>9CDF344A19EB2F4C0040AA0F</string>
				<string>9CDF344819EB2F4C0040AA0F</string>
			</array>
			<key>isa</key>
			<string>PBXGroup</string>
			<key>path</key>
			<string>Brows Person&#230;Tests</string>
			<key>sourceTree</key>
			<string>&lt;group&gt;</string>
		</dict>
		<key>9CDF344819EB2F4C0040AA0F</key>
		<dict>
			<key>children</key>
			<array>
				<string>9CDF344919EB2F4C0040AA0F</string>
			</array>
			<key>isa</key>
			<string>PBXGroup</string>
			<key>name</key>
			<string>Supporting Files</string>
			<key>sourceTree</key>
			<string>&lt;group&gt;</string>
		</dict>
		<key>9CDF344919EB2F4C0040AA0F</key>
		<dict>
			<key>isa</key>
			<string>PBXFileReference</string>
			<key>lastKnownFileType</key>
			<string>text.plist.xml</string>
			<key>path</key>
			<string>Info.plist</string>
			<key>sourceTree</key>
			<string>&lt;group&gt;</string>
		</dict>
		<key>9CDF344A19EB2F4C0040AA0F</key>
		<dict>
			<key>isa</key>
			<string>PBXFileReference</string>
			<key>lastKnownFileType</key>
			<string>sourcecode.c.objc</string>
			<key>path</key>
			<string>Brows_Person_Tests.m</string>
			<key>sourceTree</key>
			<string>&lt;group&gt;</string>
		</dict>
		<key>9CDF344B19EB2F4C0040AA0F</key>
		<dict>
			<key>fileRef</key>
			<string>9CDF344A19EB2F4C0040AA0F</string>
			<key>isa</key>
			<string>PBXBuildFile</string>
		</dict>
		<key>9CDF344C19EB2F4C0040AA0F</key>
		<dict>
			<key>buildSettings</key>
			<dict>
				<key>ALWAYS_SEARCH_USER_PATHS</key>
				<string>NO</string>
				<key>CLANG_CXX_LANGUAGE_STANDARD</key>
				<string>gnu++0x</string>
				<key>CLANG_CXX_LIBRARY</key>
				<string>libc++</string>
				<key>CLANG_ENABLE_MODULES</key>
				<string>YES</string>
				<key>CLANG_ENABLE_OBJC_ARC</key>
				<string>YES</string>
				<key>CLANG_WARN_BOOL_CONVERSION</key>
				<string>YES</string>
				<key>CLANG_WARN_CONSTANT_CONVERSION</key>
				<string>YES</string>
				<key>CLANG_WARN_DIRECT_OBJC_ISA_USAGE</key>
				<string>YES_ERROR</string>
				<key>CLANG_WARN_EMPTY_BODY</key>
				<string>YES</string>
				<key>CLANG_WARN_ENUM_CONVERSION</key>
				<string>YES</string>
				<key>CLANG_WARN_INT_CONVERSION</key>
				<string>YES</string>
				<key>CLANG_WARN_OBJC_ROOT_CLASS</key>
				<string>YES_ERROR</string>
				<key>CLANG_WARN_UNREACHABLE_CODE</key>
				<string>YES</string>
				<key>CLANG_WARN__DUPLICATE_METHOD_MATCH</key>
				<string>YES</string>
				<key>CODE_SIGN_IDENTITY</key>
				<string>-</string>
				<key>COPY_PHASE_STRIP</key>
				<string>NO</string>
				<key>ENABLE_STRICT_OBJC_MSGSEND</key>
				<string>YES</string>
				<key>GCC_C_LANGUAGE_STANDARD</key>
				<string>gnu99</string>
				<key>GCC_DYNAMIC_NO_PIC</key>
				<string>NO</string>
				<key>GCC_OPTIMIZATION_LEVEL</key>
				<string>0</string>
				<key>GCC_PREPROCESSOR_DEFINITIONS</key>
				<array>
					<string>DEBUG=1</string>
					<string>$(inherited)</string>
				</array>
				<key>GCC_SYMBOLS_PRIVATE_EXTERN</key>
				<string>NO</string>
				<key>GCC_WARN_64_TO_32_BIT_CONVERSION</key>
				<string>YES</string>
				<key>GCC_WARN_ABOUT_RETURN_TYPE</key>
				<string>YES_ERROR</string>
				<key>GCC_WARN_UNDECLARED_SELECTOR</key>
				<string>YES</string>
				<key>GCC_WARN_UNINITIALIZED_AUTOS</key>
				<string>YES_AGGRESSIVE</string>
				<key>GCC_WARN_UNUSED_FUNCTION</key>
				<string>YES</string>
				<key>GCC_WARN_UNUSED_VARIABLE</key>
				<string>YES</string>
				<key>MACOSX_DEPLOYMENT_TARGET</key>
				<string>10.10</string>
				<key>MTL_ENABLE_DEBUG_INFO</key>
				<string>YES</string>
				<key>ONLY_ACTIVE_ARCH</key>
				<string>YES</string>
				<key>SDKROOT</key>
				<string>macosx</string>
			</dict>
			<key>isa</key>
			<string>XCBuildConfiguration</string>
			<key>name</key>
			<string>Debug</string>
		</dict>
		<key>9CDF344D19EB2F4C0040AA0F</key>
		<dict>
			<key>buildSettings</key>
			<dict>
				<key>ALWAYS_SEARCH_USER_PATHS</key>
				<string>NO</string>
				<key>CLANG_CXX_LANGUAGE_STANDARD</key>
				<string>gnu++0x</string>
				<key>CLANG_CXX_LIBRARY</key>
				<string>libc++</string>
				<key>CLANG_ENABLE_MODULES</key>
				<string>YES</string>
				<key>CLANG_ENABLE_OBJC_ARC</key>
				<string>YES</string>
				<key>CLANG_WARN_BOOL_CONVERSION</key>
				<string>YES</string>
				<key>CLANG_WARN_CONSTANT_CONVERSION</key>
				<string>YES</string>
				<key>CLANG_WARN_DIRECT_OBJC_ISA_USAGE</key>
				<string>YES_ERROR</string>
				<key>CLANG_WARN_EMPTY_BODY</key>
				<string>YES</string>
				<key>CLANG_WARN_ENUM_CONVERSION</key>
				<string>YES</string>
				<key>CLANG_WARN_INT_CONVERSION</key>
				<string>YES</string>
				<key>CLANG_WARN_OBJC_ROOT_CLASS</key>
				<string>YES_ERROR</string>
				<key>CLANG_WARN_UNREACHABLE_CODE</key>
				<string>YES</string>
				<key>CLANG_WARN__DUPLICATE_METHOD_MATCH</key>
				<string>YES</string>
				<key>CODE_SIGN_IDENTITY</key>
				<string>-</string>
				<key>COPY_PHASE_STRIP</key>
				<string>YES</string>
				<key>DEBUG_INFORMATION_FORMAT</key>
				<string>dwarf-with-dsym</string>
				<key>ENABLE_NS_ASSERTIONS</key>
				<string>NO</string>
				<key>ENABLE_STRICT_OBJC_MSGSEND</key>
				<string>YES</string>
				<key>GCC_C_LANGUAGE_STANDARD</key>
				<string>gnu99</string>
				<key>GCC_WARN_64_TO_32_BIT_CONVERSION</key>
				<string>YES</string>
				<key>GCC_WARN_ABOUT_RETURN_TYPE</key>
				<string>YES_ERROR</string>
				<key>GCC_WARN_UNDECLARED_SELECTOR</key>
				<string>YES</string>
				<key>GCC_WARN_UNINITIALIZED_AUTOS</key>
				<string>YES_AGGRESSIVE</string>
				<key>GCC_WARN_UNUSED_FUNCTION</key>
				<string>YES</string>
				<key>GCC_WARN_UNUSED_VARIABLE</key>
				<string>YES</string>
				<key>MACOSX_DEPLOYMENT_TARGET</key>
				<string>10.10</string>
				<key>MTL_ENABLE_DEBUG_INFO</key>
				<string>NO</string>
				<key>SDKROOT</key>
				<string>macosx</string>
			</dict>
			<key>isa</key>
			<string>XCBuildConfiguration</string>
			<key>name</key>
			<string>Release</string>
		</dict>
		<key>9CDF344E19EB2F4C0040AA0F</key>
		<dict>
			<key>buildConfigurations</key>
			<array>
				<string>9CDF344F19EB2F4C0040AA0F</string>
				<string>9CDF345019EB2F4C0040AA0F</string>
			</array>
			<key>defaultConfigurationIsVisible</key>
			<string>0</string>
			<key>defaultConfigurationName</key>
			<string>Release</string>
			<key>isa</key>
			<string>XCConfigurationList</string>
		</dict>
		<key>9CDF344F19EB2F4C0040AA0F</key>
		<dict>
			<key>baseConfigurationReference</key>
			<string>6C602256BEB395FA9B77249E</string>
			<key>buildSettings</key>
			<dict>
				<key>ASSETCATALOG_COMPILER_APPICON_NAME</key>
				<string>AppIcon</string>
				<key>CODE_SIGN_ENTITLEMENTS</key>
				<string>Brows Person&#230;/Brows Person&#230;.entitlements</string>
				<key>CODE_SIGN_IDENTITY</key>
				<string>Developer ID Application</string>
				<key>COMBINE_HIDPI_IMAGES</key>
				<string>YES</string>
				<key>GCC_PREFIX_HEADER</key>
				<string>Brows Person&#230;/Person&#230;.pch</string>
				<key>HEADER_SEARCH_PATHS</key>
				<array>
					<string>$(inherited)</string>
					<string>/Applications/Xcode-Beta.app/Contents/Developer/Toolchains/XcodeDefault.xctoolchain/usr/include</string>
					<string>$(BUILD_ROOT)/../IntermediateBuildFilesPath/UninstalledProducts/include</string>
				</array>
				<key>INFOPLIST_FILE</key>
				<string>Brows Person&#230;/Info.plist</string>
				<key>LD_RUNPATH_SEARCH_PATHS</key>
				<string>$(inherited) @executable_path/../Frameworks</string>
				<key>PRODUCT_NAME</key>
				<string>$(TARGET_NAME)</string>
			</dict>
			<key>isa</key>
			<string>XCBuildConfiguration</string>
			<key>name</key>
			<string>Debug</string>
		</dict>
		<key>9CDF345019EB2F4C0040AA0F</key>
		<dict>
			<key>baseConfigurationReference</key>
			<string>850D133ECA2DDC9E9AB30124</string>
			<key>buildSettings</key>
			<dict>
				<key>ASSETCATALOG_COMPILER_APPICON_NAME</key>
				<string>AppIcon</string>
				<key>CODE_SIGN_ENTITLEMENTS</key>
				<string>Brows Person&#230;/Brows Person&#230;.entitlements</string>
				<key>CODE_SIGN_IDENTITY</key>
				<string>Developer ID Application</string>
				<key>COMBINE_HIDPI_IMAGES</key>
				<string>YES</string>
				<key>GCC_PREFIX_HEADER</key>
				<string>Brows Person&#230;/Person&#230;.pch</string>
				<key>HEADER_SEARCH_PATHS</key>
				<array>
					<string>$(inherited)</string>
					<string>/Applications/Xcode-Beta.app/Contents/Developer/Toolchains/XcodeDefault.xctoolchain/usr/include</string>
					<string>$(BUILD_ROOT)/../IntermediateBuildFilesPath/UninstalledProducts/include</string>
				</array>
				<key>INFOPLIST_FILE</key>
				<string>Brows Person&#230;/Info.plist</string>
				<key>LD_RUNPATH_SEARCH_PATHS</key>
				<string>$(inherited) @executable_path/../Frameworks</string>
				<key>PRODUCT_NAME</key>
				<string>$(TARGET_NAME)</string>
			</dict>
			<key>isa</key>
			<string>XCBuildConfiguration</string>
			<key>name</key>
			<string>Release</string>
		</dict>
		<key>9CDF345119EB2F4C0040AA0F</key>
		<dict>
			<key>buildConfigurations</key>
			<array>
				<string>9CDF345219EB2F4C0040AA0F</string>
				<string>9CDF345319EB2F4C0040AA0F</string>
			</array>
			<key>defaultConfigurationIsVisible</key>
			<string>0</string>
			<key>defaultConfigurationName</key>
			<string>Release</string>
			<key>isa</key>
			<string>XCConfigurationList</string>
		</dict>
		<key>9CDF345219EB2F4C0040AA0F</key>
		<dict>
			<key>baseConfigurationReference</key>
			<string>CA9D62F45FCF9749E0E40652</string>
			<key>buildSettings</key>
			<dict>
				<key>BUNDLE_LOADER</key>
				<string>$(TEST_HOST)</string>
				<key>COMBINE_HIDPI_IMAGES</key>
				<string>YES</string>
				<key>FRAMEWORK_SEARCH_PATHS</key>
				<array>
					<string>$(DEVELOPER_FRAMEWORKS_DIR)</string>
					<string>$(inherited)</string>
				</array>
				<key>GCC_PREPROCESSOR_DEFINITIONS</key>
				<array>
					<string>DEBUG=1</string>
					<string>$(inherited)</string>
				</array>
				<key>INFOPLIST_FILE</key>
				<string>Brows Person&#230;Tests/Info.plist</string>
				<key>LD_RUNPATH_SEARCH_PATHS</key>
				<string>$(inherited) @executable_path/../Frameworks @loader_path/../Frameworks</string>
				<key>PRODUCT_NAME</key>
				<string>$(TARGET_NAME)</string>
				<key>TEST_HOST</key>
				<string>$(BUILT_PRODUCTS_DIR)/Brows Person&#230;.app/Contents/MacOS/Brows Person&#230;</string>
			</dict>
			<key>isa</key>
			<string>XCBuildConfiguration</string>
			<key>name</key>
			<string>Debug</string>
		</dict>
		<key>9CDF345319EB2F4C0040AA0F</key>
		<dict>
			<key>baseConfigurationReference</key>
			<string>7FEB8A042A6C4100F147289F</string>
			<key>buildSettings</key>
			<dict>
				<key>BUNDLE_LOADER</key>
				<string>$(TEST_HOST)</string>
				<key>COMBINE_HIDPI_IMAGES</key>
				<string>YES</string>
				<key>FRAMEWORK_SEARCH_PATHS</key>
				<array>
					<string>$(DEVELOPER_FRAMEWORKS_DIR)</string>
					<string>$(inherited)</string>
				</array>
				<key>INFOPLIST_FILE</key>
				<string>Brows Person&#230;Tests/Info.plist</string>
				<key>LD_RUNPATH_SEARCH_PATHS</key>
				<string>$(inherited) @executable_path/../Frameworks @loader_path/../Frameworks</string>
				<key>PRODUCT_NAME</key>
				<string>$(TARGET_NAME)</string>
				<key>TEST_HOST</key>
				<string>$(BUILT_PRODUCTS_DIR)/Brows Person&#230;.app/Contents/MacOS/Brows Person&#230;</string>
			</dict>
			<key>isa</key>
			<string>XCBuildConfiguration</string>
			<key>name</key>
			<string>Release</string>
		</dict>
		<key>9CDF345419EB30640040AA0F</key>
		<dict>
			<key>fileEncoding</key>
			<string>4</string>
			<key>isa</key>
			<string>PBXFileReference</string>
			<key>lastKnownFileType</key>
			<string>sourcecode.c.h</string>
			<key>path</key>
			<string>BrowsWindow.h</string>
			<key>sourceTree</key>
			<string>&lt;group&gt;</string>
		</dict>
		<key>9CDF345519EB30640040AA0F</key>
		<dict>
			<key>fileEncoding</key>
			<string>4</string>
			<key>isa</key>
			<string>PBXFileReference</string>
			<key>lastKnownFileType</key>
			<string>sourcecode.c.objc</string>
			<key>path</key>
			<string>BrowsWindow.m</string>
			<key>sourceTree</key>
			<string>&lt;group&gt;</string>
		</dict>
		<key>9CDF345619EB30640040AA0F</key>
		<dict>
			<key>fileEncoding</key>
			<string>4</string>
			<key>isa</key>
			<string>PBXFileReference</string>
			<key>lastKnownFileType</key>
			<string>file.xib</string>
			<key>path</key>
			<string>BrowsWindow.xib</string>
			<key>sourceTree</key>
			<string>&lt;group&gt;</string>
		</dict>
		<key>9CDF345719EB30640040AA0F</key>
		<dict>
			<key>fileRef</key>
			<string>9CDF345519EB30640040AA0F</string>
			<key>isa</key>
			<string>PBXBuildFile</string>
		</dict>
		<key>9CDF345819EB30640040AA0F</key>
		<dict>
			<key>fileRef</key>
			<string>9CDF345619EB30640040AA0F</string>
			<key>isa</key>
			<string>PBXBuildFile</string>
		</dict>
		<key>9CDF345919EB4D0D0040AA0F</key>
		<dict>
			<key>isa</key>
			<string>PBXFileReference</string>
			<key>lastKnownFileType</key>
			<string>text.xml</string>
			<key>path</key>
			<string>Brows Person&#230;.entitlements</string>
			<key>sourceTree</key>
			<string>&lt;group&gt;</string>
		</dict>
		<key>9CDF345A19EB53F40040AA0F</key>
		<dict>
			<key>fileEncoding</key>
			<string>4</string>
			<key>isa</key>
			<string>PBXFileReference</string>
			<key>lastKnownFileType</key>
			<string>sourcecode.c.h</string>
			<key>path</key>
			<string>BrowsTab.h</string>
			<key>sourceTree</key>
			<string>&lt;group&gt;</string>
		</dict>
		<key>9CDF345B19EB53F40040AA0F</key>
		<dict>
			<key>fileEncoding</key>
			<string>4</string>
			<key>isa</key>
			<string>PBXFileReference</string>
			<key>lastKnownFileType</key>
			<string>sourcecode.c.objc</string>
			<key>path</key>
			<string>BrowsTab.m</string>
			<key>sourceTree</key>
			<string>&lt;group&gt;</string>
		</dict>
		<key>9CDF345C19EB53F40040AA0F</key>
		<dict>
			<key>fileRef</key>
			<string>9CDF345B19EB53F40040AA0F</string>
			<key>isa</key>
			<string>PBXBuildFile</string>
		</dict>
		<key>9CDF346319EB94DF0040AA0F</key>
		<dict>
			<key>fileEncoding</key>
			<string>4</string>
			<key>isa</key>
			<string>PBXFileReference</string>
			<key>lastKnownFileType</key>
			<string>sourcecode.c.h</string>
			<key>path</key>
			<string>SiteProfile.h</string>
			<key>sourceTree</key>
			<string>&lt;group&gt;</string>
		</dict>
		<key>9CDF346419EB94DF0040AA0F</key>
		<dict>
			<key>fileEncoding</key>
			<string>4</string>
			<key>isa</key>
			<string>PBXFileReference</string>
			<key>lastKnownFileType</key>
			<string>sourcecode.c.objc</string>
			<key>path</key>
			<string>SiteProfile.m</string>
			<key>sourceTree</key>
			<string>&lt;group&gt;</string>
		</dict>
		<key>9CDF346519EB94DF0040AA0F</key>
		<dict>
			<key>fileRef</key>
			<string>9CDF346419EB94DF0040AA0F</string>
			<key>isa</key>
			<string>PBXBuildFile</string>
		</dict>
		<key>9CF8CF9419F21F9600B62C65</key>
		<dict>
			<key>buildActionMask</key>
			<string>2147483647</string>
			<key>dstPath</key>
			<string></string>
			<key>dstSubfolderSpec</key>
			<string>10</string>
			<key>files</key>
			<array/>
			<key>isa</key>
			<string>PBXCopyFilesBuildPhase</string>
			<key>runOnlyForDeploymentPostprocessing</key>
			<string>0</string>
		</dict>
		<key>BBF883DC76C862ED7EE460D0</key>
		<dict>
			<key>buildActionMask</key>
			<string>2147483647</string>
			<key>files</key>
			<array/>
			<key>inputPaths</key>
			<array/>
			<key>isa</key>
			<string>PBXShellScriptBuildPhase</string>
			<key>name</key>
			<string>Check Pods Manifest.lock</string>
			<key>outputPaths</key>
			<array/>
			<key>runOnlyForDeploymentPostprocessing</key>
			<string>0</string>
			<key>shellPath</key>
			<string>/bin/sh</string>
			<key>shellScript</key>
			<string>diff "${PODS_ROOT}/../Podfile.lock" "${PODS_ROOT}/Manifest.lock" &gt; /dev/null
if [[ $? != 0 ]] ; then
    cat &lt;&lt; EOM
error: The sandbox is not in sync with the Podfile.lock. Run 'pod install' or update your CocoaPods installation.
EOM
    exit 1
fi
</string>
			<key>showEnvVarsInLog</key>
			<string>0</string>
		</dict>
		<key>C1A195D6E2C7C97102999C50</key>
		<dict>
			<key>children</key>
			<array>
				<string>6C602256BEB395FA9B77249E</string>
				<string>850D133ECA2DDC9E9AB30124</string>
				<string>CA9D62F45FCF9749E0E40652</string>
				<string>7FEB8A042A6C4100F147289F</string>
			</array>
			<key>isa</key>
			<string>PBXGroup</string>
			<key>name</key>
			<string>Pods</string>
			<key>sourceTree</key>
			<string>&lt;group&gt;</string>
		</dict>
		<key>CA9D62F45FCF9749E0E40652</key>
		<dict>
			<key>includeInIndex</key>
			<string>1</string>
			<key>isa</key>
			<string>PBXFileReference</string>
			<key>lastKnownFileType</key>
			<string>text.xcconfig</string>
			<key>name</key>
			<string>Pods-Brows Person&#230;Tests.debug.xcconfig</string>
			<key>path</key>
			<string>Pods/Target Support Files/Pods-Brows Person&#230;Tests/Pods-Brows Person&#230;Tests.debug.xcconfig</string>
			<key>sourceTree</key>
			<string>&lt;group&gt;</string>
		</dict>
		<key>EC94D767FB5D04AC16D852C0</key>
		<dict>
			<key>children</key>
			<array>
				<string>18D4ECB428A068EBE54D7A29</string>
				<string>23F0E444F6523743D44743AC</string>
			</array>
			<key>isa</key>
			<string>PBXGroup</string>
			<key>name</key>
			<string>Frameworks</string>
			<key>sourceTree</key>
			<string>&lt;group&gt;</string>
		</dict>
	</dict>
	<key>rootObject</key>
	<string>9CDF342919EB2F4C0040AA0F</string>
</dict>
</plist>
