PODS:
  - NSArray+Functional (1.0.0)
  - NSString+Ruby (1.1)
  - ReactiveCocoa (2.4.4):
    - ReactiveCocoa/UI (= 2.4.4)
  - ReactiveCocoa/Core (2.4.4):
    - ReactiveCocoa/no-arc
  - ReactiveCocoa/no-arc (2.4.4)
  - ReactiveCocoa/UI (2.4.4):
    - ReactiveCocoa/Core

DEPENDENCIES:
  - NSArray+Functional (~> 1.0.0)
  - NSString+Ruby (~> 1.1)
  - ReactiveCocoa (~> 2.4.4)

SPEC CHECKSUMS:
  NSArray+Functional: 2c9ad6ab9b0dc7abe73416d265d569c8b20b9f3c
  NSString+Ruby: 78ba29d70546c42ed1044305bbaaf17046c000cd
  ReactiveCocoa: 31119068e3dde866bd257cf74e1f06b4023bf387

COCOAPODS: 0.36.0.beta.2
